{
  "version": 4,
  "terraform_version": "0.13.4",
  "serial": 49,
  "lineage": "aad06bcc-c871-9515-6e8d-54e33ab23367",
  "outputs": {},
  "resources": [
    {
      "module": "module.eks_cluster_dev",
      "mode": "data",
      "type": "aws_availability_zones",
      "name": "available",
      "provider": "module.eks_cluster_dev.provider[\"registry.terraform.io/hashicorp/aws\"]",
      "instances": [
        {
          "schema_version": 0,
          "attributes": {
            "all_availability_zones": null,
            "exclude_names": null,
            "exclude_zone_ids": null,
            "filter": null,
            "group_names": [
              "us-east-1"
            ],
            "id": "us-east-1",
            "names": [
              "us-east-1a",
              "us-east-1b",
              "us-east-1c",
              "us-east-1d",
              "us-east-1e",
              "us-east-1f"
            ],
            "state": null,
            "zone_ids": [
              "use1-az4",
              "use1-az6",
              "use1-az1",
              "use1-az2",
              "use1-az3",
              "use1-az5"
            ]
          }
        }
      ]
    },
    {
      "module": "module.eks_cluster_dev",
      "mode": "data",
      "type": "aws_eks_cluster",
      "name": "cluster",
      "provider": "module.eks_cluster_dev.provider[\"registry.terraform.io/hashicorp/aws\"]",
      "instances": [
        {
          "schema_version": 0,
          "attributes": {
            "arn": "arn:aws:eks:us-east-1:212285161954:cluster/microenterprise-dev",
            "certificate_authority": [
              {
                "data": "LS0tLS1CRUdJTiBDRVJUSUZJQ0FURS0tLS0tCk1JSUN5RENDQWJDZ0F3SUJBZ0lCQURBTkJna3Foa2lHOXcwQkFRc0ZBREFWTVJNd0VRWURWUVFERXdwcmRXSmwKY201bGRHVnpNQjRYRFRJeE1ESXdNekUxTURRMU5sb1hEVE14TURJd01URTFNRFExTmxvd0ZURVRNQkVHQTFVRQpBeE1LYTNWaVpYSnVaWFJsY3pDQ0FTSXdEUVlKS29aSWh2Y05BUUVCQlFBRGdnRVBBRENDQVFvQ2dnRUJBS3EvCkNwdTNxYllSbkFWQnRsTTdJb09PRTRUYmVod2hSTjZnSUJOUmlWeXlQQnIxN2VEaU9tSlc3Zk9OMkZRTVJUZmQKSEJNeFpjUVlxSys1aFAzYnhJSE90bDNKbFNyWm5Ua0x6QWljN1RZNm9TdjR6TTFrbDFnZG41d21sa2JZSUhtcwpqSW0za2lnZzlXUEZ5WVF4UTdlOFpsVlNleVZabFVsYUZnam1yRktIWGtrT3RmbFlJc0hGWnRvTjh5S2dsaWljCnFTQTUzekx5YVVvT25YNnRPandMdFI4WmhBOVovNUtOQk9FM1VGV3BTak5RVWpZZVpiNFNYbm14WHM4TVlpNmkKUGNSNXJDRHJlaDhTdFBBRUdUcmFFeExQUndsWXUrTm1yZnhmaXozTFVtZzdSSjFMSkowK0FUSUFrSWtENDZIYwpLZ1pmUGNlTDNPMjlTNGNvZ3kwQ0F3RUFBYU1qTUNFd0RnWURWUjBQQVFIL0JBUURBZ0trTUE4R0ExVWRFd0VCCi93UUZNQU1CQWY4d0RRWUpLb1pJaHZjTkFRRUxCUUFEZ2dFQkFKSjhScnFTek9PK1U3NmhGbmJNcXlLeXl6UjkKMjhOT2VaTVk5Z3NQZEM5VXRmZnFoL1dqR1NMbE9EYVovZ3pYWkx2a3BsbEZ5ei9KZVpoRkRjS0wvdnUxVUx1QgpVVHUzd3pWRFZUeTZ3dDR1dnNkVjNUZENNdTlYYmdVaHJCcEtxNW9QeU5LV1ROeUpBaEhUNEVZZTJXY3N0OWlsCld3V2VNQ1FJNENwODBJVDRFR1VKb0p0TWV1NTZ0WGwza1B1QnlxcERZM3hJRDI5bExKN3ZwKzV1Zlhkdm42bUEKRktGbEJyMEU1eCtYZ3gxUlcrRWlYSVVOQzhIWS9UNUpkT3BIQ2NhYkVEbm9MWWdKeHRjYzJrU3N4RS9JVWh6ZAppT3RUZk5SeGgrRG9hSm1IckN0VE04U3FjQWxNSGFrZHNvbmw0ZGdYcXVDU2ZtQUpnSnJkZDhLVllaMD0KLS0tLS1FTkQgQ0VSVElGSUNBVEUtLS0tLQo="
              }
            ],
            "created_at": "2021-02-03 14:56:36.044 +0000 UTC",
            "enabled_cluster_log_types": [],
            "endpoint": "https://0C429A53CD74B18EC9FDBF8DFED9D3E0.gr7.us-east-1.eks.amazonaws.com",
            "id": "microenterprise-dev",
            "identity": [
              {
                "oidc": [
                  {
                    "issuer": "https://oidc.eks.us-east-1.amazonaws.com/id/0C429A53CD74B18EC9FDBF8DFED9D3E0"
                  }
                ]
              }
            ],
            "kubernetes_network_config": [
              {
                "service_ipv4_cidr": "10.100.0.0/16"
              }
            ],
            "name": "microenterprise-dev",
            "platform_version": "eks.3",
            "role_arn": "arn:aws:iam::212285161954:role/microenterprise-dev20210203145616824800000001",
            "status": "ACTIVE",
            "tags": {},
            "version": "1.18",
            "vpc_config": [
              {
                "cluster_security_group_id": "sg-059cc55b7cab8ec6d",
                "endpoint_private_access": false,
                "endpoint_public_access": true,
                "public_access_cidrs": [
                  "0.0.0.0/0"
                ],
                "security_group_ids": [
                  "sg-0d8fb9841519f5b4e"
                ],
                "subnet_ids": [
                  "subnet-0404dd528c603f3d9",
                  "subnet-07ef4d75951d67eff",
                  "subnet-0c210a6b3960d01cc"
                ],
                "vpc_id": "vpc-040dd0c8b81ccbf1f"
              }
            ]
          }
        }
      ]
    },
    {
      "module": "module.eks_cluster_dev",
      "mode": "data",
      "type": "aws_eks_cluster_auth",
      "name": "cluster",
      "provider": "module.eks_cluster_dev.provider[\"registry.terraform.io/hashicorp/aws\"]",
      "instances": [
        {
          "schema_version": 0,
          "attributes": {
            "id": "microenterprise-dev",
            "name": "microenterprise-dev",
            "token": "k8s-aws-v1.aHR0cHM6Ly9zdHMuYW1hem9uYXdzLmNvbS8_QWN0aW9uPUdldENhbGxlcklkZW50aXR5JlZlcnNpb249MjAxMS0wNi0xNSZYLUFtei1BbGdvcml0aG09QVdTNC1ITUFDLVNIQTI1NiZYLUFtei1DcmVkZW50aWFsPUFLSUFJUVFXTzVJWE1JQlhBS0RBJTJGMjAyMTAyMDMlMkZ1cy1lYXN0LTElMkZzdHMlMkZhd3M0X3JlcXVlc3QmWC1BbXotRGF0ZT0yMDIxMDIwM1QxNTEwMTBaJlgtQW16LUV4cGlyZXM9MCZYLUFtei1TaWduZWRIZWFkZXJzPWhvc3QlM0J4LWs4cy1hd3MtaWQmWC1BbXotU2lnbmF0dXJlPTM1OTFjZjc4NTdiOWI4YmZlYTMzNmQwZGIxYjliY2VmMjAwN2NkZWZkZGQ3MjBkZTQ2NWEzYmUzMGZjZTM3ZjM"
          }
        }
      ]
    },
    {
      "module": "module.eks_cluster_dev",
      "mode": "managed",
      "type": "aws_cloudwatch_event_bus",
      "name": "event-bus",
      "provider": "module.eks_cluster_dev.provider[\"registry.terraform.io/hashicorp/aws\"]",
      "instances": [
        {
          "schema_version": 0,
          "attributes": {
            "arn": "arn:aws:events:us-east-1:212285161954:event-bus/microenterprise-dev-event-bus",
            "id": "microenterprise-dev-event-bus",
            "name": "microenterprise-dev-event-bus",
            "tags": null
          },
          "private": "bnVsbA=="
        }
      ]
    },
    {
      "module": "module.eks_cluster_dev",
      "mode": "managed",
      "type": "aws_eks_fargate_profile",
      "name": "aws_eks_fargate_profile1",
      "provider": "module.eks_cluster_dev.provider[\"registry.terraform.io/hashicorp/aws\"]",
      "instances": [
        {
          "schema_version": 0,
          "attributes": {
            "arn": "arn:aws:eks:us-east-1:212285161954:fargateprofile/microenterprise-dev/microservices-fargate-profile/72bbb43a-1a40-b3e4-f30d-e682c27cbf0b",
            "cluster_name": "microenterprise-dev",
            "fargate_profile_name": "microservices-fargate-profile",
            "id": "microenterprise-dev:microservices-fargate-profile",
            "pod_execution_role_arn": "arn:aws:iam::212285161954:role/microenterprise-dev-eks-fargate-profile",
            "selector": [
              {
                "labels": null,
                "namespace": "microservices"
              }
            ],
            "status": "ACTIVE",
            "subnet_ids": [
              "subnet-0404dd528c603f3d9",
              "subnet-07ef4d75951d67eff",
              "subnet-0c210a6b3960d01cc"
            ],
            "tags": null,
            "timeouts": null
          },
          "private": "eyJlMmJmYjczMC1lY2FhLTExZTYtOGY4OC0zNDM2M2JjN2M0YzAiOnsiY3JlYXRlIjo2MDAwMDAwMDAwMDAsImRlbGV0ZSI6NjAwMDAwMDAwMDAwfX0=",
          "dependencies": [
            "module.eks_cluster_dev.aws_iam_policy.worker_policy",
            "module.eks_cluster_dev.aws_iam_role.iam_role_fargate",
            "module.eks_cluster_dev.data.aws_availability_zones.available",
            "module.eks_cluster_dev.module.eks.aws_autoscaling_group.workers",
            "module.eks_cluster_dev.module.eks.aws_autoscaling_group.workers_launch_template",
            "module.eks_cluster_dev.module.eks.aws_cloudwatch_log_group.this",
            "module.eks_cluster_dev.module.eks.aws_eks_cluster.this",
            "module.eks_cluster_dev.module.eks.aws_iam_instance_profile.workers",
            "module.eks_cluster_dev.module.eks.aws_iam_instance_profile.workers_launch_template",
            "module.eks_cluster_dev.module.eks.aws_iam_openid_connect_provider.oidc_provider",
            "module.eks_cluster_dev.module.eks.aws_iam_role.cluster",
            "module.eks_cluster_dev.module.eks.aws_iam_role.workers",
            "module.eks_cluster_dev.module.eks.aws_iam_role_policy.cluster_elb_sl_role_creation",
            "module.eks_cluster_dev.module.eks.aws_iam_role_policy_attachment.cluster_AmazonEKSClusterPolicy",
            "module.eks_cluster_dev.module.eks.aws_iam_role_policy_attachment.cluster_AmazonEKSServicePolicy",
            "module.eks_cluster_dev.module.eks.aws_iam_role_policy_attachment.workers_AmazonEC2ContainerRegistryReadOnly",
            "module.eks_cluster_dev.module.eks.aws_iam_role_policy_attachment.workers_AmazonEKSWorkerNodePolicy",
            "module.eks_cluster_dev.module.eks.aws_iam_role_policy_attachment.workers_AmazonEKS_CNI_Policy",
            "module.eks_cluster_dev.module.eks.aws_iam_role_policy_attachment.workers_additional_policies",
            "module.eks_cluster_dev.module.eks.aws_launch_configuration.workers",
            "module.eks_cluster_dev.module.eks.aws_launch_template.workers_launch_template",
            "module.eks_cluster_dev.module.eks.aws_security_group.cluster",
            "module.eks_cluster_dev.module.eks.aws_security_group.workers",
            "module.eks_cluster_dev.module.eks.aws_security_group_rule.cluster_egress_internet",
            "module.eks_cluster_dev.module.eks.aws_security_group_rule.cluster_https_worker_ingress",
            "module.eks_cluster_dev.module.eks.aws_security_group_rule.cluster_primary_ingress_workers",
            "module.eks_cluster_dev.module.eks.aws_security_group_rule.cluster_private_access",
            "module.eks_cluster_dev.module.eks.aws_security_group_rule.workers_egress_internet",
            "module.eks_cluster_dev.module.eks.aws_security_group_rule.workers_ingress_cluster",
            "module.eks_cluster_dev.module.eks.aws_security_group_rule.workers_ingress_cluster_https",
            "module.eks_cluster_dev.module.eks.aws_security_group_rule.workers_ingress_cluster_kubelet",
            "module.eks_cluster_dev.module.eks.aws_security_group_rule.workers_ingress_cluster_primary",
            "module.eks_cluster_dev.module.eks.aws_security_group_rule.workers_ingress_self",
            "module.eks_cluster_dev.module.eks.data.aws_ami.eks_worker",
            "module.eks_cluster_dev.module.eks.data.aws_ami.eks_worker_windows",
            "module.eks_cluster_dev.module.eks.data.aws_caller_identity.current",
            "module.eks_cluster_dev.module.eks.data.aws_iam_instance_profile.custom_worker_group_iam_instance_profile",
            "module.eks_cluster_dev.module.eks.data.aws_iam_instance_profile.custom_worker_group_launch_template_iam_instance_profile",
            "module.eks_cluster_dev.module.eks.data.aws_iam_policy_document.cluster_assume_role_policy",
            "module.eks_cluster_dev.module.eks.data.aws_iam_policy_document.cluster_elb_sl_role_creation",
            "module.eks_cluster_dev.module.eks.data.aws_iam_policy_document.workers_assume_role_policy",
            "module.eks_cluster_dev.module.eks.data.aws_iam_role.custom_cluster_iam_role",
            "module.eks_cluster_dev.module.eks.data.aws_partition.current",
            "module.eks_cluster_dev.module.eks.data.template_file.launch_template_userdata",
            "module.eks_cluster_dev.module.eks.data.template_file.userdata",
            "module.eks_cluster_dev.module.eks.kubernetes_config_map.aws_auth",
            "module.eks_cluster_dev.module.eks.local_file.kubeconfig",
            "module.eks_cluster_dev.module.eks.module.node_groups.aws_eks_node_group.workers",
            "module.eks_cluster_dev.module.eks.module.node_groups.random_pet.node_groups",
            "module.eks_cluster_dev.module.eks.null_resource.wait_for_cluster",
            "module.eks_cluster_dev.module.eks.random_pet.workers",
            "module.eks_cluster_dev.module.eks.random_pet.workers_launch_template",
            "module.eks_cluster_dev.module.vpc.aws_subnet.private",
            "module.eks_cluster_dev.module.vpc.aws_vpc.this",
            "module.eks_cluster_dev.module.vpc.aws_vpc_ipv4_cidr_block_association.this"
          ]
        }
      ]
    },
    {
      "module": "module.eks_cluster_dev",
      "mode": "managed",
      "type": "aws_iam_policy",
      "name": "worker_policy",
      "provider": "module.eks_cluster_dev.provider[\"registry.terraform.io/hashicorp/aws\"]",
      "instances": [
        {
          "schema_version": 0,
          "attributes": {
            "arn": "arn:aws:iam::212285161954:policy/microenterprise-dev-worker-policy",
            "description": "Worker policy for the ALB Ingress",
            "id": "arn:aws:iam::212285161954:policy/microenterprise-dev-worker-policy",
            "name": "microenterprise-dev-worker-policy",
            "name_prefix": null,
            "path": "/",
            "policy": "{\n    \"Version\": \"2012-10-17\",\n    \"Statement\": [\n        {\n            \"Effect\": \"Allow\",\n            \"Action\": [\n                \"acm:DescribeCertificate\",\n                \"acm:ListCertificates\",\n                \"acm:GetCertificate\"\n            ],\n            \"Resource\": \"*\"\n        },\n        {\n            \"Effect\": \"Allow\",\n            \"Action\": [\n                \"ec2:AuthorizeSecurityGroupIngress\",\n                \"ec2:CreateSecurityGroup\",\n                \"ec2:CreateTags\",\n                \"ec2:DeleteTags\",\n                \"ec2:DeleteSecurityGroup\",\n                \"ec2:DescribeAccountAttributes\",\n                \"ec2:DescribeAddresses\",\n                \"ec2:DescribeInstances\",\n                \"ec2:DescribeInstanceStatus\",\n                \"ec2:DescribeInternetGateways\",\n                \"ec2:DescribeNetworkInterfaces\",\n                \"ec2:DescribeSecurityGroups\",\n                \"ec2:DescribeSubnets\",\n                \"ec2:DescribeTags\",\n                \"ec2:DescribeVpcs\",\n                \"ec2:ModifyInstanceAttribute\",\n                \"ec2:ModifyNetworkInterfaceAttribute\",\n                \"ec2:RevokeSecurityGroupIngress\"\n            ],\n            \"Resource\": \"*\"\n        },\n        {\n            \"Effect\": \"Allow\",\n            \"Action\": [\n                \"elasticloadbalancing:AddListenerCertificates\",\n                \"elasticloadbalancing:AddTags\",\n                \"elasticloadbalancing:CreateListener\",\n                \"elasticloadbalancing:CreateLoadBalancer\",\n                \"elasticloadbalancing:CreateRule\",\n                \"elasticloadbalancing:CreateTargetGroup\",\n                \"elasticloadbalancing:DeleteListener\",\n                \"elasticloadbalancing:DeleteLoadBalancer\",\n                \"elasticloadbalancing:DeleteRule\",\n                \"elasticloadbalancing:DeleteTargetGroup\",\n                \"elasticloadbalancing:DeregisterTargets\",\n                \"elasticloadbalancing:DescribeListenerCertificates\",\n                \"elasticloadbalancing:DescribeListeners\",\n                \"elasticloadbalancing:DescribeLoadBalancers\",\n                \"elasticloadbalancing:DescribeLoadBalancerAttributes\",\n                \"elasticloadbalancing:DescribeRules\",\n                \"elasticloadbalancing:DescribeSSLPolicies\",\n                \"elasticloadbalancing:DescribeTags\",\n                \"elasticloadbalancing:DescribeTargetGroups\",\n                \"elasticloadbalancing:DescribeTargetGroupAttributes\",\n                \"elasticloadbalancing:DescribeTargetHealth\",\n                \"elasticloadbalancing:ModifyListener\",\n                \"elasticloadbalancing:ModifyLoadBalancerAttributes\",\n                \"elasticloadbalancing:ModifyRule\",\n                \"elasticloadbalancing:ModifyTargetGroup\",\n                \"elasticloadbalancing:ModifyTargetGroupAttributes\",\n                \"elasticloadbalancing:RegisterTargets\",\n                \"elasticloadbalancing:RemoveListenerCertificates\",\n                \"elasticloadbalancing:RemoveTags\",\n                \"elasticloadbalancing:SetIpAddressType\",\n                \"elasticloadbalancing:SetSecurityGroups\",\n                \"elasticloadbalancing:SetSubnets\",\n                \"elasticloadbalancing:SetWebAcl\"\n            ],\n            \"Resource\": \"*\"\n        },\n        {\n            \"Effect\": \"Allow\",\n            \"Action\": [\n                \"iam:CreateServiceLinkedRole\",\n                \"iam:GetServerCertificate\",\n                \"iam:ListServerCertificates\"\n            ],\n            \"Resource\": \"*\"\n        },\n        {\n            \"Effect\": \"Allow\",\n            \"Action\": [\n                \"cognito-idp:DescribeUserPoolClient\"\n            ],\n            \"Resource\": \"*\"\n        },\n        {\n            \"Effect\": \"Allow\",\n            \"Action\": [\n                \"waf-regional:GetWebACLForResource\",\n                \"waf-regional:GetWebACL\",\n                \"waf-regional:AssociateWebACL\",\n                \"waf-regional:DisassociateWebACL\"\n            ],\n            \"Resource\": \"*\"\n        },\n        {\n            \"Effect\": \"Allow\",\n            \"Action\": [\n                \"tag:GetResources\",\n                \"tag:TagResources\"\n            ],\n            \"Resource\": \"*\"\n        },\n        {\n            \"Effect\": \"Allow\",\n            \"Action\": [\n                \"waf:GetWebACL\"\n            ],\n            \"Resource\": \"*\"\n        },\n        {\n            \"Effect\": \"Allow\",\n            \"Action\": [\n                \"wafv2:GetWebACL\",\n                \"wafv2:GetWebACLForResource\",\n                \"wafv2:AssociateWebACL\",\n                \"wafv2:DisassociateWebACL\"\n            ],\n            \"Resource\": \"*\"\n        },\n        {\n            \"Effect\": \"Allow\",\n            \"Action\": [\n                \"shield:DescribeProtection\",\n                \"shield:GetSubscriptionState\",\n                \"shield:DeleteProtection\",\n                \"shield:CreateProtection\",\n                \"shield:DescribeSubscription\",\n                \"shield:ListProtections\"\n            ],\n            \"Resource\": \"*\"\n        }\n    ]\n}\n"
          },
          "private": "bnVsbA=="
        }
      ]
    },
    {
      "module": "module.eks_cluster_dev",
      "mode": "managed",
      "type": "aws_iam_role",
      "name": "iam_role_fargate",
      "provider": "module.eks_cluster_dev.provider[\"registry.terraform.io/hashicorp/aws\"]",
      "instances": [
        {
          "schema_version": 0,
          "attributes": {
            "arn": "arn:aws:iam::212285161954:role/microenterprise-dev-eks-fargate-profile",
            "assume_role_policy": "{\"Version\":\"2012-10-17\",\"Statement\":[{\"Effect\":\"Allow\",\"Principal\":{\"Service\":\"eks-fargate-pods.amazonaws.com\"},\"Action\":\"sts:AssumeRole\"}]}",
            "create_date": "2021-02-03T14:56:17Z",
            "description": "",
            "force_detach_policies": false,
            "id": "microenterprise-dev-eks-fargate-profile",
            "max_session_duration": 3600,
            "name": "microenterprise-dev-eks-fargate-profile",
            "name_prefix": null,
            "path": "/",
            "permissions_boundary": null,
            "tags": null,
            "unique_id": "AROATC3JOQHRKOJBFDQ67"
          },
          "private": "bnVsbA=="
        }
      ]
    },
    {
      "module": "module.eks_cluster_dev",
      "mode": "managed",
      "type": "aws_iam_role_policy_attachment",
      "name": "example-AmazonEKSFargatePodExecutionRolePolicy",
      "provider": "module.eks_cluster_dev.provider[\"registry.terraform.io/hashicorp/aws\"]",
      "instances": [
        {
          "schema_version": 0,
          "attributes": {
            "id": "microenterprise-dev-eks-fargate-profile-20210203145624940800000005",
            "policy_arn": "arn:aws:iam::aws:policy/AmazonEKSFargatePodExecutionRolePolicy",
            "role": "microenterprise-dev-eks-fargate-profile"
          },
          "private": "bnVsbA==",
          "dependencies": [
            "module.eks_cluster_dev.aws_iam_role.iam_role_fargate"
          ]
        }
      ]
    },
    {
      "module": "module.eks_cluster_dev.module.eks",
      "mode": "data",
      "type": "aws_ami",
      "name": "eks_worker",
      "provider": "module.eks_cluster_dev.provider[\"registry.terraform.io/hashicorp/aws\"]",
      "instances": [
        {
          "schema_version": 0,
          "attributes": {
            "architecture": "x86_64",
            "arn": "arn:aws:ec2:us-east-1::image/ami-090a8b0372a148572",
            "block_device_mappings": [
              {
                "device_name": "/dev/xvda",
                "ebs": {
                  "delete_on_termination": "true",
                  "encrypted": "false",
                  "iops": "0",
                  "snapshot_id": "snap-0cf717428c064b330",
                  "throughput": "0",
                  "volume_size": "20",
                  "volume_type": "gp2"
                },
                "no_device": "",
                "virtual_name": ""
              }
            ],
            "creation_date": "2021-01-25T23:06:49.000Z",
            "description": "EKS Kubernetes Worker AMI with AmazonLinux2 image, (k8s: 1.18.9, docker: 19.03.6ce-4.amzn2, containerd: 1.4.1-2.amzn2)",
            "executable_users": null,
            "filter": [
              {
                "name": "name",
                "values": [
                  "amazon-eks-node-1.18-v*"
                ]
              }
            ],
            "hypervisor": "xen",
            "id": "ami-090a8b0372a148572",
            "image_id": "ami-090a8b0372a148572",
            "image_location": "amazon/amazon-eks-node-1.18-v20210125",
            "image_owner_alias": "amazon",
            "image_type": "machine",
            "kernel_id": null,
            "most_recent": true,
            "name": "amazon-eks-node-1.18-v20210125",
            "name_regex": null,
            "owner_id": "602401143452",
            "owners": [
              "602401143452"
            ],
            "platform": null,
            "product_codes": [],
            "public": true,
            "ramdisk_id": null,
            "root_device_name": "/dev/xvda",
            "root_device_type": "ebs",
            "root_snapshot_id": "snap-0cf717428c064b330",
            "sriov_net_support": "simple",
            "state": "available",
            "state_reason": {
              "code": "UNSET",
              "message": "UNSET"
            },
            "tags": {},
            "virtualization_type": "hvm"
          }
        }
      ]
    },
    {
      "module": "module.eks_cluster_dev.module.eks",
      "mode": "data",
      "type": "aws_ami",
      "name": "eks_worker_windows",
      "provider": "module.eks_cluster_dev.provider[\"registry.terraform.io/hashicorp/aws\"]",
      "instances": [
        {
          "schema_version": 0,
          "attributes": {
            "architecture": "x86_64",
            "arn": "arn:aws:ec2:us-east-1::image/ami-0cb2af1f96d4f54fa",
            "block_device_mappings": [
              {
                "device_name": "/dev/sda1",
                "ebs": {
                  "delete_on_termination": "true",
                  "encrypted": "false",
                  "iops": "0",
                  "snapshot_id": "snap-0a75e6ccb65413b56",
                  "throughput": "0",
                  "volume_size": "50",
                  "volume_type": "gp2"
                },
                "no_device": "",
                "virtual_name": ""
              },
              {
                "device_name": "xvdca",
                "ebs": {},
                "no_device": "",
                "virtual_name": "ephemeral0"
              },
              {
                "device_name": "xvdcb",
                "ebs": {},
                "no_device": "",
                "virtual_name": "ephemeral1"
              },
              {
                "device_name": "xvdcc",
                "ebs": {},
                "no_device": "",
                "virtual_name": "ephemeral2"
              },
              {
                "device_name": "xvdcd",
                "ebs": {},
                "no_device": "",
                "virtual_name": "ephemeral3"
              },
              {
                "device_name": "xvdce",
                "ebs": {},
                "no_device": "",
                "virtual_name": "ephemeral4"
              },
              {
                "device_name": "xvdcf",
                "ebs": {},
                "no_device": "",
                "virtual_name": "ephemeral5"
              },
              {
                "device_name": "xvdcg",
                "ebs": {},
                "no_device": "",
                "virtual_name": "ephemeral6"
              },
              {
                "device_name": "xvdch",
                "ebs": {},
                "no_device": "",
                "virtual_name": "ephemeral7"
              },
              {
                "device_name": "xvdci",
                "ebs": {},
                "no_device": "",
                "virtual_name": "ephemeral8"
              },
              {
                "device_name": "xvdcj",
                "ebs": {},
                "no_device": "",
                "virtual_name": "ephemeral9"
              },
              {
                "device_name": "xvdck",
                "ebs": {},
                "no_device": "",
                "virtual_name": "ephemeral10"
              },
              {
                "device_name": "xvdcl",
                "ebs": {},
                "no_device": "",
                "virtual_name": "ephemeral11"
              },
              {
                "device_name": "xvdcm",
                "ebs": {},
                "no_device": "",
                "virtual_name": "ephemeral12"
              },
              {
                "device_name": "xvdcn",
                "ebs": {},
                "no_device": "",
                "virtual_name": "ephemeral13"
              },
              {
                "device_name": "xvdco",
                "ebs": {},
                "no_device": "",
                "virtual_name": "ephemeral14"
              },
              {
                "device_name": "xvdcp",
                "ebs": {},
                "no_device": "",
                "virtual_name": "ephemeral15"
              },
              {
                "device_name": "xvdcq",
                "ebs": {},
                "no_device": "",
                "virtual_name": "ephemeral16"
              },
              {
                "device_name": "xvdcr",
                "ebs": {},
                "no_device": "",
                "virtual_name": "ephemeral17"
              },
              {
                "device_name": "xvdcs",
                "ebs": {},
                "no_device": "",
                "virtual_name": "ephemeral18"
              },
              {
                "device_name": "xvdct",
                "ebs": {},
                "no_device": "",
                "virtual_name": "ephemeral19"
              },
              {
                "device_name": "xvdcu",
                "ebs": {},
                "no_device": "",
                "virtual_name": "ephemeral20"
              },
              {
                "device_name": "xvdcv",
                "ebs": {},
                "no_device": "",
                "virtual_name": "ephemeral21"
              },
              {
                "device_name": "xvdcw",
                "ebs": {},
                "no_device": "",
                "virtual_name": "ephemeral22"
              },
              {
                "device_name": "xvdcx",
                "ebs": {},
                "no_device": "",
                "virtual_name": "ephemeral23"
              },
              {
                "device_name": "xvdcy",
                "ebs": {},
                "no_device": "",
                "virtual_name": "ephemeral24"
              },
              {
                "device_name": "xvdcz",
                "ebs": {},
                "no_device": "",
                "virtual_name": "ephemeral25"
              }
            ],
            "creation_date": "2021-01-19T18:08:11.000Z",
            "description": "Microsoft Windows Server 2019 Core optimized for EKS and provided by Amazon",
            "executable_users": null,
            "filter": [
              {
                "name": "name",
                "values": [
                  "Windows_Server-2019-English-Core-EKS_Optimized-1.18-*"
                ]
              },
              {
                "name": "platform",
                "values": [
                  "windows"
                ]
              }
            ],
            "hypervisor": "xen",
            "id": "ami-0cb2af1f96d4f54fa",
            "image_id": "ami-0cb2af1f96d4f54fa",
            "image_location": "amazon/Windows_Server-2019-English-Core-EKS_Optimized-1.18-2021.01.13",
            "image_owner_alias": "amazon",
            "image_type": "machine",
            "kernel_id": null,
            "most_recent": true,
            "name": "Windows_Server-2019-English-Core-EKS_Optimized-1.18-2021.01.13",
            "name_regex": null,
            "owner_id": "801119661308",
            "owners": [
              "801119661308"
            ],
            "platform": "windows",
            "product_codes": [],
            "public": true,
            "ramdisk_id": null,
            "root_device_name": "/dev/sda1",
            "root_device_type": "ebs",
            "root_snapshot_id": "snap-0a75e6ccb65413b56",
            "sriov_net_support": "simple",
            "state": "available",
            "state_reason": {
              "code": "UNSET",
              "message": "UNSET"
            },
            "tags": {},
            "virtualization_type": "hvm"
          }
        }
      ]
    },
    {
      "module": "module.eks_cluster_dev.module.eks",
      "mode": "data",
      "type": "aws_caller_identity",
      "name": "current",
      "provider": "module.eks_cluster_dev.provider[\"registry.terraform.io/hashicorp/aws\"]",
      "instances": [
        {
          "schema_version": 0,
          "attributes": {
            "account_id": "212285161954",
            "arn": "arn:aws:iam::212285161954:root",
            "id": "212285161954",
            "user_id": "212285161954"
          }
        }
      ]
    },
    {
      "module": "module.eks_cluster_dev.module.eks",
      "mode": "data",
      "type": "aws_iam_policy_document",
      "name": "cluster_assume_role_policy",
      "provider": "module.eks_cluster_dev.provider[\"registry.terraform.io/hashicorp/aws\"]",
      "instances": [
        {
          "schema_version": 0,
          "attributes": {
            "id": "2764486067",
            "json": "{\n  \"Version\": \"2012-10-17\",\n  \"Statement\": [\n    {\n      \"Sid\": \"EKSClusterAssumeRole\",\n      \"Effect\": \"Allow\",\n      \"Action\": \"sts:AssumeRole\",\n      \"Principal\": {\n        \"Service\": \"eks.amazonaws.com\"\n      }\n    }\n  ]\n}",
            "override_json": null,
            "policy_id": null,
            "source_json": null,
            "statement": [
              {
                "actions": [
                  "sts:AssumeRole"
                ],
                "condition": [],
                "effect": "Allow",
                "not_actions": [],
                "not_principals": [],
                "not_resources": [],
                "principals": [
                  {
                    "identifiers": [
                      "eks.amazonaws.com"
                    ],
                    "type": "Service"
                  }
                ],
                "resources": [],
                "sid": "EKSClusterAssumeRole"
              }
            ],
            "version": "2012-10-17"
          }
        }
      ]
    },
    {
      "module": "module.eks_cluster_dev.module.eks",
      "mode": "data",
      "type": "aws_iam_policy_document",
      "name": "cluster_elb_sl_role_creation",
      "provider": "module.eks_cluster_dev.provider[\"registry.terraform.io/hashicorp/aws\"]",
      "instances": [
        {
          "index_key": 0,
          "schema_version": 0,
          "attributes": {
            "id": "3407219844",
            "json": "{\n  \"Version\": \"2012-10-17\",\n  \"Statement\": [\n    {\n      \"Sid\": \"\",\n      \"Effect\": \"Allow\",\n      \"Action\": [\n        \"ec2:DescribeInternetGateways\",\n        \"ec2:DescribeAccountAttributes\"\n      ],\n      \"Resource\": \"*\"\n    }\n  ]\n}",
            "override_json": null,
            "policy_id": null,
            "source_json": null,
            "statement": [
              {
                "actions": [
                  "ec2:DescribeAccountAttributes",
                  "ec2:DescribeInternetGateways"
                ],
                "condition": [],
                "effect": "Allow",
                "not_actions": [],
                "not_principals": [],
                "not_resources": [],
                "principals": [],
                "resources": [
                  "*"
                ],
                "sid": ""
              }
            ],
            "version": "2012-10-17"
          }
        }
      ]
    },
    {
      "module": "module.eks_cluster_dev.module.eks",
      "mode": "data",
      "type": "aws_iam_policy_document",
      "name": "workers_assume_role_policy",
      "provider": "module.eks_cluster_dev.provider[\"registry.terraform.io/hashicorp/aws\"]",
      "instances": [
        {
          "schema_version": 0,
          "attributes": {
            "id": "3778018924",
            "json": "{\n  \"Version\": \"2012-10-17\",\n  \"Statement\": [\n    {\n      \"Sid\": \"EKSWorkerAssumeRole\",\n      \"Effect\": \"Allow\",\n      \"Action\": \"sts:AssumeRole\",\n      \"Principal\": {\n        \"Service\": \"ec2.amazonaws.com\"\n      }\n    }\n  ]\n}",
            "override_json": null,
            "policy_id": null,
            "source_json": null,
            "statement": [
              {
                "actions": [
                  "sts:AssumeRole"
                ],
                "condition": [],
                "effect": "Allow",
                "not_actions": [],
                "not_principals": [],
                "not_resources": [],
                "principals": [
                  {
                    "identifiers": [
                      "ec2.amazonaws.com"
                    ],
                    "type": "Service"
                  }
                ],
                "resources": [],
                "sid": "EKSWorkerAssumeRole"
              }
            ],
            "version": "2012-10-17"
          }
        }
      ]
    },
    {
      "module": "module.eks_cluster_dev.module.eks",
      "mode": "data",
      "type": "aws_partition",
      "name": "current",
      "provider": "module.eks_cluster_dev.provider[\"registry.terraform.io/hashicorp/aws\"]",
      "instances": [
        {
          "schema_version": 0,
          "attributes": {
            "dns_suffix": "amazonaws.com",
            "id": "aws",
            "partition": "aws",
            "reverse_dns_prefix": "com.amazonaws"
          }
        }
      ]
    },
    {
      "module": "module.eks_cluster_dev.module.eks",
      "mode": "managed",
      "type": "aws_eks_cluster",
      "name": "this",
      "provider": "module.eks_cluster_dev.provider[\"registry.terraform.io/hashicorp/aws\"]",
      "instances": [
        {
          "index_key": 0,
          "schema_version": 0,
          "attributes": {
            "arn": "arn:aws:eks:us-east-1:212285161954:cluster/microenterprise-dev",
            "certificate_authority": [
              {
                "data": "LS0tLS1CRUdJTiBDRVJUSUZJQ0FURS0tLS0tCk1JSUN5RENDQWJDZ0F3SUJBZ0lCQURBTkJna3Foa2lHOXcwQkFRc0ZBREFWTVJNd0VRWURWUVFERXdwcmRXSmwKY201bGRHVnpNQjRYRFRJeE1ESXdNekUxTURRMU5sb1hEVE14TURJd01URTFNRFExTmxvd0ZURVRNQkVHQTFVRQpBeE1LYTNWaVpYSnVaWFJsY3pDQ0FTSXdEUVlKS29aSWh2Y05BUUVCQlFBRGdnRVBBRENDQVFvQ2dnRUJBS3EvCkNwdTNxYllSbkFWQnRsTTdJb09PRTRUYmVod2hSTjZnSUJOUmlWeXlQQnIxN2VEaU9tSlc3Zk9OMkZRTVJUZmQKSEJNeFpjUVlxSys1aFAzYnhJSE90bDNKbFNyWm5Ua0x6QWljN1RZNm9TdjR6TTFrbDFnZG41d21sa2JZSUhtcwpqSW0za2lnZzlXUEZ5WVF4UTdlOFpsVlNleVZabFVsYUZnam1yRktIWGtrT3RmbFlJc0hGWnRvTjh5S2dsaWljCnFTQTUzekx5YVVvT25YNnRPandMdFI4WmhBOVovNUtOQk9FM1VGV3BTak5RVWpZZVpiNFNYbm14WHM4TVlpNmkKUGNSNXJDRHJlaDhTdFBBRUdUcmFFeExQUndsWXUrTm1yZnhmaXozTFVtZzdSSjFMSkowK0FUSUFrSWtENDZIYwpLZ1pmUGNlTDNPMjlTNGNvZ3kwQ0F3RUFBYU1qTUNFd0RnWURWUjBQQVFIL0JBUURBZ0trTUE4R0ExVWRFd0VCCi93UUZNQU1CQWY4d0RRWUpLb1pJaHZjTkFRRUxCUUFEZ2dFQkFKSjhScnFTek9PK1U3NmhGbmJNcXlLeXl6UjkKMjhOT2VaTVk5Z3NQZEM5VXRmZnFoL1dqR1NMbE9EYVovZ3pYWkx2a3BsbEZ5ei9KZVpoRkRjS0wvdnUxVUx1QgpVVHUzd3pWRFZUeTZ3dDR1dnNkVjNUZENNdTlYYmdVaHJCcEtxNW9QeU5LV1ROeUpBaEhUNEVZZTJXY3N0OWlsCld3V2VNQ1FJNENwODBJVDRFR1VKb0p0TWV1NTZ0WGwza1B1QnlxcERZM3hJRDI5bExKN3ZwKzV1Zlhkdm42bUEKRktGbEJyMEU1eCtYZ3gxUlcrRWlYSVVOQzhIWS9UNUpkT3BIQ2NhYkVEbm9MWWdKeHRjYzJrU3N4RS9JVWh6ZAppT3RUZk5SeGgrRG9hSm1IckN0VE04U3FjQWxNSGFrZHNvbmw0ZGdYcXVDU2ZtQUpnSnJkZDhLVllaMD0KLS0tLS1FTkQgQ0VSVElGSUNBVEUtLS0tLQo="
              }
            ],
            "created_at": "2021-02-03 14:56:36.044 +0000 UTC",
            "enabled_cluster_log_types": null,
            "encryption_config": [],
            "endpoint": "https://0C429A53CD74B18EC9FDBF8DFED9D3E0.gr7.us-east-1.eks.amazonaws.com",
            "id": "microenterprise-dev",
            "identity": [
              {
                "oidc": [
                  {
                    "issuer": "https://oidc.eks.us-east-1.amazonaws.com/id/0C429A53CD74B18EC9FDBF8DFED9D3E0"
                  }
                ]
              }
            ],
            "kubernetes_network_config": [
              {
                "service_ipv4_cidr": "10.100.0.0/16"
              }
            ],
            "name": "microenterprise-dev",
            "platform_version": "eks.3",
            "role_arn": "arn:aws:iam::212285161954:role/microenterprise-dev20210203145616824800000001",
            "status": "ACTIVE",
            "tags": null,
            "timeouts": {
              "create": "30m",
              "delete": "15m",
              "update": null
            },
            "version": "1.18",
            "vpc_config": [
              {
                "cluster_security_group_id": "sg-059cc55b7cab8ec6d",
                "endpoint_private_access": false,
                "endpoint_public_access": true,
                "public_access_cidrs": [
                  "0.0.0.0/0"
                ],
                "security_group_ids": [
                  "sg-0d8fb9841519f5b4e"
                ],
                "subnet_ids": [
                  "subnet-0404dd528c603f3d9",
                  "subnet-07ef4d75951d67eff",
                  "subnet-0c210a6b3960d01cc"
                ],
                "vpc_id": "vpc-040dd0c8b81ccbf1f"
              }
            ]
          },
          "private": "eyJlMmJmYjczMC1lY2FhLTExZTYtOGY4OC0zNDM2M2JjN2M0YzAiOnsiY3JlYXRlIjoxODAwMDAwMDAwMDAwLCJkZWxldGUiOjkwMDAwMDAwMDAwMCwidXBkYXRlIjozNjAwMDAwMDAwMDAwfX0=",
          "dependencies": [
            "module.eks_cluster_dev.data.aws_availability_zones.available",
            "module.eks_cluster_dev.module.eks.aws_cloudwatch_log_group.this",
            "module.eks_cluster_dev.module.eks.aws_iam_role.cluster",
            "module.eks_cluster_dev.module.eks.aws_iam_role_policy_attachment.cluster_AmazonEKSClusterPolicy",
            "module.eks_cluster_dev.module.eks.aws_iam_role_policy_attachment.cluster_AmazonEKSServicePolicy",
            "module.eks_cluster_dev.module.eks.aws_security_group.cluster",
            "module.eks_cluster_dev.module.eks.aws_security_group.workers",
            "module.eks_cluster_dev.module.eks.aws_security_group_rule.cluster_egress_internet",
            "module.eks_cluster_dev.module.eks.aws_security_group_rule.cluster_https_worker_ingress",
            "module.eks_cluster_dev.module.eks.data.aws_iam_policy_document.cluster_assume_role_policy",
            "module.eks_cluster_dev.module.eks.data.aws_iam_role.custom_cluster_iam_role",
            "module.eks_cluster_dev.module.eks.data.aws_partition.current",
            "module.eks_cluster_dev.module.vpc.aws_subnet.private",
            "module.eks_cluster_dev.module.vpc.aws_vpc.this",
            "module.eks_cluster_dev.module.vpc.aws_vpc_ipv4_cidr_block_association.this"
          ],
          "create_before_destroy": true
        }
      ]
    },
    {
      "module": "module.eks_cluster_dev.module.eks",
      "mode": "managed",
      "type": "aws_iam_role",
      "name": "cluster",
      "provider": "module.eks_cluster_dev.provider[\"registry.terraform.io/hashicorp/aws\"]",
      "instances": [
        {
          "index_key": 0,
          "schema_version": 0,
          "attributes": {
            "arn": "arn:aws:iam::212285161954:role/microenterprise-dev20210203145616824800000001",
            "assume_role_policy": "{\"Version\":\"2012-10-17\",\"Statement\":[{\"Sid\":\"EKSClusterAssumeRole\",\"Effect\":\"Allow\",\"Principal\":{\"Service\":\"eks.amazonaws.com\"},\"Action\":\"sts:AssumeRole\"}]}",
            "create_date": "2021-02-03T14:56:17Z",
            "description": "",
            "force_detach_policies": true,
            "id": "microenterprise-dev20210203145616824800000001",
            "max_session_duration": 3600,
            "name": "microenterprise-dev20210203145616824800000001",
            "name_prefix": "microenterprise-dev",
            "path": "/",
            "permissions_boundary": null,
            "tags": null,
            "unique_id": "AROATC3JOQHREPBT2BJO3"
          },
          "private": "bnVsbA==",
          "dependencies": [
            "module.eks_cluster_dev.module.eks.data.aws_iam_policy_document.cluster_assume_role_policy"
          ],
          "create_before_destroy": true
        }
      ]
    },
    {
      "module": "module.eks_cluster_dev.module.eks",
      "mode": "managed",
      "type": "aws_iam_role",
      "name": "workers",
      "provider": "module.eks_cluster_dev.provider[\"registry.terraform.io/hashicorp/aws\"]",
      "instances": [
        {
          "index_key": 0,
          "schema_version": 0,
          "attributes": {
            "arn": "arn:aws:iam::212285161954:role/microenterprise-dev20210203151010312300000008",
            "assume_role_policy": "{\"Version\":\"2012-10-17\",\"Statement\":[{\"Sid\":\"EKSWorkerAssumeRole\",\"Effect\":\"Allow\",\"Principal\":{\"Service\":\"ec2.amazonaws.com\"},\"Action\":\"sts:AssumeRole\"}]}",
            "create_date": "2021-02-03T15:10:10Z",
            "description": "",
            "force_detach_policies": true,
            "id": "microenterprise-dev20210203151010312300000008",
            "max_session_duration": 3600,
            "name": "microenterprise-dev20210203151010312300000008",
            "name_prefix": "microenterprise-dev",
            "path": "/",
            "permissions_boundary": null,
            "tags": null,
            "unique_id": "AROATC3JOQHRPXOQXTGTF"
          },
          "private": "bnVsbA==",
          "dependencies": [
            "module.eks_cluster_dev.data.aws_availability_zones.available",
            "module.eks_cluster_dev.module.eks.aws_cloudwatch_log_group.this",
            "module.eks_cluster_dev.module.eks.aws_eks_cluster.this",
            "module.eks_cluster_dev.module.eks.aws_iam_role.cluster",
            "module.eks_cluster_dev.module.eks.aws_iam_role_policy_attachment.cluster_AmazonEKSClusterPolicy",
            "module.eks_cluster_dev.module.eks.aws_iam_role_policy_attachment.cluster_AmazonEKSServicePolicy",
            "module.eks_cluster_dev.module.eks.aws_security_group.cluster",
            "module.eks_cluster_dev.module.eks.aws_security_group.workers",
            "module.eks_cluster_dev.module.eks.aws_security_group_rule.cluster_egress_internet",
            "module.eks_cluster_dev.module.eks.aws_security_group_rule.cluster_https_worker_ingress",
            "module.eks_cluster_dev.module.eks.data.aws_iam_policy_document.cluster_assume_role_policy",
            "module.eks_cluster_dev.module.eks.data.aws_iam_policy_document.workers_assume_role_policy",
            "module.eks_cluster_dev.module.eks.data.aws_iam_role.custom_cluster_iam_role",
            "module.eks_cluster_dev.module.eks.data.aws_partition.current",
            "module.eks_cluster_dev.module.vpc.aws_subnet.private",
            "module.eks_cluster_dev.module.vpc.aws_vpc.this",
            "module.eks_cluster_dev.module.vpc.aws_vpc_ipv4_cidr_block_association.this"
          ],
          "create_before_destroy": true
        }
      ]
    },
    {
      "module": "module.eks_cluster_dev.module.eks",
      "mode": "managed",
      "type": "aws_iam_role_policy",
      "name": "cluster_elb_sl_role_creation",
      "provider": "module.eks_cluster_dev.provider[\"registry.terraform.io/hashicorp/aws\"]",
      "instances": [
        {
          "index_key": 0,
          "schema_version": 0,
          "attributes": {
            "id": "microenterprise-dev20210203145616824800000001:microenterprise-dev-elb-sl-role-creation20210203145623983300000002",
            "name": "microenterprise-dev-elb-sl-role-creation20210203145623983300000002",
            "name_prefix": "microenterprise-dev-elb-sl-role-creation",
            "policy": "{\n  \"Version\": \"2012-10-17\",\n  \"Statement\": [\n    {\n      \"Sid\": \"\",\n      \"Effect\": \"Allow\",\n      \"Action\": [\n        \"ec2:DescribeInternetGateways\",\n        \"ec2:DescribeAccountAttributes\"\n      ],\n      \"Resource\": \"*\"\n    }\n  ]\n}",
            "role": "microenterprise-dev20210203145616824800000001"
          },
          "private": "bnVsbA==",
          "dependencies": [
            "module.eks_cluster_dev.module.eks.aws_iam_role.cluster",
            "module.eks_cluster_dev.module.eks.data.aws_iam_policy_document.cluster_assume_role_policy",
            "module.eks_cluster_dev.module.eks.data.aws_iam_policy_document.cluster_elb_sl_role_creation"
          ]
        }
      ]
    },
    {
      "module": "module.eks_cluster_dev.module.eks",
      "mode": "managed",
      "type": "aws_iam_role_policy_attachment",
      "name": "cluster_AmazonEKSClusterPolicy",
      "provider": "module.eks_cluster_dev.provider[\"registry.terraform.io/hashicorp/aws\"]",
      "instances": [
        {
          "index_key": 0,
          "schema_version": 0,
          "attributes": {
            "id": "microenterprise-dev20210203145616824800000001-20210203145624774500000004",
            "policy_arn": "arn:aws:iam::aws:policy/AmazonEKSClusterPolicy",
            "role": "microenterprise-dev20210203145616824800000001"
          },
          "private": "bnVsbA==",
          "dependencies": [
            "module.eks_cluster_dev.module.eks.aws_iam_role.cluster",
            "module.eks_cluster_dev.module.eks.data.aws_iam_policy_document.cluster_assume_role_policy",
            "module.eks_cluster_dev.module.eks.data.aws_partition.current"
          ],
          "create_before_destroy": true
        }
      ]
    },
    {
      "module": "module.eks_cluster_dev.module.eks",
      "mode": "managed",
      "type": "aws_iam_role_policy_attachment",
      "name": "cluster_AmazonEKSServicePolicy",
      "provider": "module.eks_cluster_dev.provider[\"registry.terraform.io/hashicorp/aws\"]",
      "instances": [
        {
          "index_key": 0,
          "schema_version": 0,
          "attributes": {
            "id": "microenterprise-dev20210203145616824800000001-20210203145624664400000003",
            "policy_arn": "arn:aws:iam::aws:policy/AmazonEKSServicePolicy",
            "role": "microenterprise-dev20210203145616824800000001"
          },
          "private": "bnVsbA==",
          "dependencies": [
            "module.eks_cluster_dev.module.eks.aws_iam_role.cluster",
            "module.eks_cluster_dev.module.eks.data.aws_iam_policy_document.cluster_assume_role_policy",
            "module.eks_cluster_dev.module.eks.data.aws_partition.current"
          ],
          "create_before_destroy": true
        }
      ]
    },
    {
      "module": "module.eks_cluster_dev.module.eks",
      "mode": "managed",
      "type": "aws_iam_role_policy_attachment",
      "name": "workers_AmazonEC2ContainerRegistryReadOnly",
      "provider": "module.eks_cluster_dev.provider[\"registry.terraform.io/hashicorp/aws\"]",
      "instances": [
        {
          "index_key": 0,
          "schema_version": 0,
          "attributes": {
            "id": "microenterprise-dev20210203151010312300000008-2021020315101246700000000b",
            "policy_arn": "arn:aws:iam::aws:policy/AmazonEC2ContainerRegistryReadOnly",
            "role": "microenterprise-dev20210203151010312300000008"
          },
          "private": "bnVsbA==",
          "dependencies": [
            "module.eks_cluster_dev.data.aws_availability_zones.available",
            "module.eks_cluster_dev.module.eks.aws_cloudwatch_log_group.this",
            "module.eks_cluster_dev.module.eks.aws_eks_cluster.this",
            "module.eks_cluster_dev.module.eks.aws_iam_role.cluster",
            "module.eks_cluster_dev.module.eks.aws_iam_role.workers",
            "module.eks_cluster_dev.module.eks.aws_iam_role_policy_attachment.cluster_AmazonEKSClusterPolicy",
            "module.eks_cluster_dev.module.eks.aws_iam_role_policy_attachment.cluster_AmazonEKSServicePolicy",
            "module.eks_cluster_dev.module.eks.aws_security_group.cluster",
            "module.eks_cluster_dev.module.eks.aws_security_group.workers",
            "module.eks_cluster_dev.module.eks.aws_security_group_rule.cluster_egress_internet",
            "module.eks_cluster_dev.module.eks.aws_security_group_rule.cluster_https_worker_ingress",
            "module.eks_cluster_dev.module.eks.data.aws_iam_policy_document.cluster_assume_role_policy",
            "module.eks_cluster_dev.module.eks.data.aws_iam_policy_document.workers_assume_role_policy",
            "module.eks_cluster_dev.module.eks.data.aws_iam_role.custom_cluster_iam_role",
            "module.eks_cluster_dev.module.eks.data.aws_partition.current",
            "module.eks_cluster_dev.module.vpc.aws_subnet.private",
            "module.eks_cluster_dev.module.vpc.aws_vpc.this",
            "module.eks_cluster_dev.module.vpc.aws_vpc_ipv4_cidr_block_association.this"
          ],
          "create_before_destroy": true
        }
      ]
    },
    {
      "module": "module.eks_cluster_dev.module.eks",
      "mode": "managed",
      "type": "aws_iam_role_policy_attachment",
      "name": "workers_AmazonEKSWorkerNodePolicy",
      "provider": "module.eks_cluster_dev.provider[\"registry.terraform.io/hashicorp/aws\"]",
      "instances": [
        {
          "index_key": 0,
          "schema_version": 0,
          "attributes": {
            "id": "microenterprise-dev20210203151010312300000008-2021020315101247460000000c",
            "policy_arn": "arn:aws:iam::aws:policy/AmazonEKSWorkerNodePolicy",
            "role": "microenterprise-dev20210203151010312300000008"
          },
          "private": "bnVsbA==",
          "dependencies": [
            "module.eks_cluster_dev.data.aws_availability_zones.available",
            "module.eks_cluster_dev.module.eks.aws_cloudwatch_log_group.this",
            "module.eks_cluster_dev.module.eks.aws_eks_cluster.this",
            "module.eks_cluster_dev.module.eks.aws_iam_role.cluster",
            "module.eks_cluster_dev.module.eks.aws_iam_role.workers",
            "module.eks_cluster_dev.module.eks.aws_iam_role_policy_attachment.cluster_AmazonEKSClusterPolicy",
            "module.eks_cluster_dev.module.eks.aws_iam_role_policy_attachment.cluster_AmazonEKSServicePolicy",
            "module.eks_cluster_dev.module.eks.aws_security_group.cluster",
            "module.eks_cluster_dev.module.eks.aws_security_group.workers",
            "module.eks_cluster_dev.module.eks.aws_security_group_rule.cluster_egress_internet",
            "module.eks_cluster_dev.module.eks.aws_security_group_rule.cluster_https_worker_ingress",
            "module.eks_cluster_dev.module.eks.data.aws_iam_policy_document.cluster_assume_role_policy",
            "module.eks_cluster_dev.module.eks.data.aws_iam_policy_document.workers_assume_role_policy",
            "module.eks_cluster_dev.module.eks.data.aws_iam_role.custom_cluster_iam_role",
            "module.eks_cluster_dev.module.eks.data.aws_partition.current",
            "module.eks_cluster_dev.module.vpc.aws_subnet.private",
            "module.eks_cluster_dev.module.vpc.aws_vpc.this",
            "module.eks_cluster_dev.module.vpc.aws_vpc_ipv4_cidr_block_association.this"
          ],
          "create_before_destroy": true
        }
      ]
    },
    {
      "module": "module.eks_cluster_dev.module.eks",
      "mode": "managed",
      "type": "aws_iam_role_policy_attachment",
      "name": "workers_AmazonEKS_CNI_Policy",
      "provider": "module.eks_cluster_dev.provider[\"registry.terraform.io/hashicorp/aws\"]",
      "instances": [
        {
          "index_key": 0,
          "schema_version": 0,
          "attributes": {
            "id": "microenterprise-dev20210203151010312300000008-20210203151012413900000009",
            "policy_arn": "arn:aws:iam::aws:policy/AmazonEKS_CNI_Policy",
            "role": "microenterprise-dev20210203151010312300000008"
          },
          "private": "bnVsbA==",
          "dependencies": [
            "module.eks_cluster_dev.data.aws_availability_zones.available",
            "module.eks_cluster_dev.module.eks.aws_cloudwatch_log_group.this",
            "module.eks_cluster_dev.module.eks.aws_eks_cluster.this",
            "module.eks_cluster_dev.module.eks.aws_iam_role.cluster",
            "module.eks_cluster_dev.module.eks.aws_iam_role.workers",
            "module.eks_cluster_dev.module.eks.aws_iam_role_policy_attachment.cluster_AmazonEKSClusterPolicy",
            "module.eks_cluster_dev.module.eks.aws_iam_role_policy_attachment.cluster_AmazonEKSServicePolicy",
            "module.eks_cluster_dev.module.eks.aws_security_group.cluster",
            "module.eks_cluster_dev.module.eks.aws_security_group.workers",
            "module.eks_cluster_dev.module.eks.aws_security_group_rule.cluster_egress_internet",
            "module.eks_cluster_dev.module.eks.aws_security_group_rule.cluster_https_worker_ingress",
            "module.eks_cluster_dev.module.eks.data.aws_iam_policy_document.cluster_assume_role_policy",
            "module.eks_cluster_dev.module.eks.data.aws_iam_policy_document.workers_assume_role_policy",
            "module.eks_cluster_dev.module.eks.data.aws_iam_role.custom_cluster_iam_role",
            "module.eks_cluster_dev.module.eks.data.aws_partition.current",
            "module.eks_cluster_dev.module.vpc.aws_subnet.private",
            "module.eks_cluster_dev.module.vpc.aws_vpc.this",
            "module.eks_cluster_dev.module.vpc.aws_vpc_ipv4_cidr_block_association.this"
          ],
          "create_before_destroy": true
        }
      ]
    },
    {
      "module": "module.eks_cluster_dev.module.eks",
      "mode": "managed",
      "type": "aws_iam_role_policy_attachment",
      "name": "workers_additional_policies",
      "provider": "module.eks_cluster_dev.provider[\"registry.terraform.io/hashicorp/aws\"]",
      "instances": [
        {
          "index_key": 0,
          "schema_version": 0,
          "attributes": {
            "id": "microenterprise-dev20210203151010312300000008-2021020315101245390000000a",
            "policy_arn": "arn:aws:iam::212285161954:policy/microenterprise-dev-worker-policy",
            "role": "microenterprise-dev20210203151010312300000008"
          },
          "private": "bnVsbA==",
          "dependencies": [
            "module.eks_cluster_dev.aws_iam_policy.worker_policy",
            "module.eks_cluster_dev.data.aws_availability_zones.available",
            "module.eks_cluster_dev.module.eks.aws_cloudwatch_log_group.this",
            "module.eks_cluster_dev.module.eks.aws_eks_cluster.this",
            "module.eks_cluster_dev.module.eks.aws_iam_role.cluster",
            "module.eks_cluster_dev.module.eks.aws_iam_role.workers",
            "module.eks_cluster_dev.module.eks.aws_iam_role_policy_attachment.cluster_AmazonEKSClusterPolicy",
            "module.eks_cluster_dev.module.eks.aws_iam_role_policy_attachment.cluster_AmazonEKSServicePolicy",
            "module.eks_cluster_dev.module.eks.aws_security_group.cluster",
            "module.eks_cluster_dev.module.eks.aws_security_group.workers",
            "module.eks_cluster_dev.module.eks.aws_security_group_rule.cluster_egress_internet",
            "module.eks_cluster_dev.module.eks.aws_security_group_rule.cluster_https_worker_ingress",
            "module.eks_cluster_dev.module.eks.data.aws_iam_policy_document.cluster_assume_role_policy",
            "module.eks_cluster_dev.module.eks.data.aws_iam_policy_document.workers_assume_role_policy",
            "module.eks_cluster_dev.module.eks.data.aws_iam_role.custom_cluster_iam_role",
            "module.eks_cluster_dev.module.eks.data.aws_partition.current",
            "module.eks_cluster_dev.module.vpc.aws_subnet.private",
            "module.eks_cluster_dev.module.vpc.aws_vpc.this",
            "module.eks_cluster_dev.module.vpc.aws_vpc_ipv4_cidr_block_association.this"
          ]
        }
      ]
    },
    {
      "module": "module.eks_cluster_dev.module.eks",
      "mode": "managed",
      "type": "aws_security_group",
      "name": "cluster",
      "provider": "module.eks_cluster_dev.provider[\"registry.terraform.io/hashicorp/aws\"]",
      "instances": [
        {
          "index_key": 0,
          "schema_version": 1,
          "attributes": {
            "arn": "arn:aws:ec2:us-east-1:212285161954:security-group/sg-0d8fb9841519f5b4e",
            "description": "EKS cluster security group.",
            "egress": [],
            "id": "sg-0d8fb9841519f5b4e",
            "ingress": [],
            "name": "microenterprise-dev20210203145626264500000006",
            "name_prefix": "microenterprise-dev",
            "owner_id": "212285161954",
            "revoke_rules_on_delete": false,
            "tags": {
              "Name": "microenterprise-dev-eks_cluster_sg"
            },
            "timeouts": null,
            "vpc_id": "vpc-040dd0c8b81ccbf1f"
          },
          "private": "eyJlMmJmYjczMC1lY2FhLTExZTYtOGY4OC0zNDM2M2JjN2M0YzAiOnsiY3JlYXRlIjo2MDAwMDAwMDAwMDAsImRlbGV0ZSI6NjAwMDAwMDAwMDAwfSwic2NoZW1hX3ZlcnNpb24iOiIxIn0=",
          "dependencies": [
            "module.eks_cluster_dev.module.vpc.aws_vpc.this"
          ],
          "create_before_destroy": true
        }
      ]
    },
    {
      "module": "module.eks_cluster_dev.module.eks",
      "mode": "managed",
      "type": "aws_security_group",
      "name": "workers",
      "provider": "module.eks_cluster_dev.provider[\"registry.terraform.io/hashicorp/aws\"]",
      "instances": [
        {
          "index_key": 0,
          "schema_version": 1,
          "attributes": {
            "arn": "arn:aws:ec2:us-east-1:212285161954:security-group/sg-022a8a1ba2f24286c",
            "description": "Security group for all nodes in the cluster.",
            "egress": [],
            "id": "sg-022a8a1ba2f24286c",
            "ingress": [],
            "name": "microenterprise-dev20210203145627865100000007",
            "name_prefix": "microenterprise-dev",
            "owner_id": "212285161954",
            "revoke_rules_on_delete": false,
            "tags": {
              "Name": "microenterprise-dev-eks_worker_sg",
              "kubernetes.io/cluster/microenterprise-dev": "owned"
            },
            "timeouts": null,
            "vpc_id": "vpc-040dd0c8b81ccbf1f"
          },
          "private": "eyJlMmJmYjczMC1lY2FhLTExZTYtOGY4OC0zNDM2M2JjN2M0YzAiOnsiY3JlYXRlIjo2MDAwMDAwMDAwMDAsImRlbGV0ZSI6NjAwMDAwMDAwMDAwfSwic2NoZW1hX3ZlcnNpb24iOiIxIn0=",
          "dependencies": [
            "module.eks_cluster_dev.module.vpc.aws_vpc.this"
          ],
          "create_before_destroy": true
        }
      ]
    },
    {
      "module": "module.eks_cluster_dev.module.eks",
      "mode": "managed",
      "type": "aws_security_group_rule",
      "name": "cluster_egress_internet",
      "provider": "module.eks_cluster_dev.provider[\"registry.terraform.io/hashicorp/aws\"]",
      "instances": [
        {
          "index_key": 0,
          "schema_version": 2,
          "attributes": {
            "cidr_blocks": [
              "0.0.0.0/0"
            ],
            "description": "Allow cluster egress access to the Internet.",
            "from_port": 0,
            "id": "sgrule-1586040021",
            "ipv6_cidr_blocks": null,
            "prefix_list_ids": null,
            "protocol": "-1",
            "security_group_id": "sg-0d8fb9841519f5b4e",
            "self": false,
            "source_security_group_id": null,
            "to_port": 0,
            "type": "egress"
          },
          "private": "eyJzY2hlbWFfdmVyc2lvbiI6IjIifQ==",
          "dependencies": [
            "module.eks_cluster_dev.module.eks.aws_security_group.cluster",
            "module.eks_cluster_dev.module.vpc.aws_vpc.this"
          ],
          "create_before_destroy": true
        }
      ]
    },
    {
      "module": "module.eks_cluster_dev.module.eks",
      "mode": "managed",
      "type": "aws_security_group_rule",
      "name": "cluster_https_worker_ingress",
      "provider": "module.eks_cluster_dev.provider[\"registry.terraform.io/hashicorp/aws\"]",
      "instances": [
        {
          "index_key": 0,
          "schema_version": 2,
          "attributes": {
            "cidr_blocks": null,
            "description": "Allow pods to communicate with the EKS cluster API.",
            "from_port": 443,
            "id": "sgrule-2630869017",
            "ipv6_cidr_blocks": null,
            "prefix_list_ids": null,
            "protocol": "tcp",
            "security_group_id": "sg-0d8fb9841519f5b4e",
            "self": false,
            "source_security_group_id": "sg-022a8a1ba2f24286c",
            "to_port": 443,
            "type": "ingress"
          },
          "private": "eyJzY2hlbWFfdmVyc2lvbiI6IjIifQ==",
          "dependencies": [
            "module.eks_cluster_dev.module.eks.aws_security_group.cluster",
            "module.eks_cluster_dev.module.eks.aws_security_group.workers",
            "module.eks_cluster_dev.module.vpc.aws_vpc.this"
          ],
          "create_before_destroy": true
        }
      ]
    },
    {
      "module": "module.eks_cluster_dev.module.eks",
      "mode": "managed",
      "type": "aws_security_group_rule",
      "name": "workers_egress_internet",
      "provider": "module.eks_cluster_dev.provider[\"registry.terraform.io/hashicorp/aws\"]",
      "instances": [
        {
          "index_key": 0,
          "schema_version": 2,
          "attributes": {
            "cidr_blocks": [
              "0.0.0.0/0"
            ],
            "description": "Allow nodes all egress to the Internet.",
            "from_port": 0,
            "id": "sgrule-211756810",
            "ipv6_cidr_blocks": null,
            "prefix_list_ids": null,
            "protocol": "-1",
            "security_group_id": "sg-022a8a1ba2f24286c",
            "self": false,
            "source_security_group_id": null,
            "to_port": 0,
            "type": "egress"
          },
          "private": "eyJzY2hlbWFfdmVyc2lvbiI6IjIifQ==",
          "dependencies": [
            "module.eks_cluster_dev.module.eks.aws_security_group.workers",
            "module.eks_cluster_dev.module.vpc.aws_vpc.this"
          ]
        }
      ]
    },
    {
      "module": "module.eks_cluster_dev.module.eks",
      "mode": "managed",
      "type": "aws_security_group_rule",
      "name": "workers_ingress_cluster",
      "provider": "module.eks_cluster_dev.provider[\"registry.terraform.io/hashicorp/aws\"]",
      "instances": [
        {
          "index_key": 0,
          "schema_version": 2,
          "attributes": {
            "cidr_blocks": null,
            "description": "Allow workers pods to receive communication from the cluster control plane.",
            "from_port": 1025,
            "id": "sgrule-431908468",
            "ipv6_cidr_blocks": null,
            "prefix_list_ids": null,
            "protocol": "tcp",
            "security_group_id": "sg-022a8a1ba2f24286c",
            "self": false,
            "source_security_group_id": "sg-0d8fb9841519f5b4e",
            "to_port": 65535,
            "type": "ingress"
          },
          "private": "eyJzY2hlbWFfdmVyc2lvbiI6IjIifQ==",
          "dependencies": [
            "module.eks_cluster_dev.module.eks.aws_security_group.cluster",
            "module.eks_cluster_dev.module.eks.aws_security_group.workers",
            "module.eks_cluster_dev.module.vpc.aws_vpc.this"
          ]
        }
      ]
    },
    {
      "module": "module.eks_cluster_dev.module.eks",
      "mode": "managed",
      "type": "aws_security_group_rule",
      "name": "workers_ingress_cluster_https",
      "provider": "module.eks_cluster_dev.provider[\"registry.terraform.io/hashicorp/aws\"]",
      "instances": [
        {
          "index_key": 0,
          "schema_version": 2,
          "attributes": {
            "cidr_blocks": null,
            "description": "Allow pods running extension API servers on port 443 to receive communication from cluster control plane.",
            "from_port": 443,
            "id": "sgrule-3019754213",
            "ipv6_cidr_blocks": null,
            "prefix_list_ids": null,
            "protocol": "tcp",
            "security_group_id": "sg-022a8a1ba2f24286c",
            "self": false,
            "source_security_group_id": "sg-0d8fb9841519f5b4e",
            "to_port": 443,
            "type": "ingress"
          },
          "private": "eyJzY2hlbWFfdmVyc2lvbiI6IjIifQ==",
          "dependencies": [
            "module.eks_cluster_dev.module.eks.aws_security_group.cluster",
            "module.eks_cluster_dev.module.eks.aws_security_group.workers",
            "module.eks_cluster_dev.module.vpc.aws_vpc.this"
          ]
        }
      ]
    },
    {
      "module": "module.eks_cluster_dev.module.eks",
      "mode": "managed",
      "type": "aws_security_group_rule",
      "name": "workers_ingress_self",
      "provider": "module.eks_cluster_dev.provider[\"registry.terraform.io/hashicorp/aws\"]",
      "instances": [
        {
          "index_key": 0,
          "schema_version": 2,
          "attributes": {
            "cidr_blocks": null,
            "description": "Allow node to communicate with each other.",
            "from_port": 0,
            "id": "sgrule-2026630470",
            "ipv6_cidr_blocks": null,
            "prefix_list_ids": null,
            "protocol": "-1",
            "security_group_id": "sg-022a8a1ba2f24286c",
            "self": false,
            "source_security_group_id": "sg-022a8a1ba2f24286c",
            "to_port": 65535,
            "type": "ingress"
          },
          "private": "eyJzY2hlbWFfdmVyc2lvbiI6IjIifQ==",
          "dependencies": [
            "module.eks_cluster_dev.module.eks.aws_security_group.workers",
            "module.eks_cluster_dev.module.vpc.aws_vpc.this"
          ]
        }
      ]
    },
    {
      "module": "module.eks_cluster_dev.module.eks",
      "mode": "managed",
      "type": "local_file",
      "name": "kubeconfig",
      "provider": "provider[\"registry.terraform.io/hashicorp/local\"]",
      "instances": [
        {
          "index_key": 0,
          "schema_version": 0,
          "attributes": {
            "content": "apiVersion: v1\npreferences: {}\nkind: Config\n\nclusters:\n- cluster:\n    server: https://0C429A53CD74B18EC9FDBF8DFED9D3E0.gr7.us-east-1.eks.amazonaws.com\n    certificate-authority-data: LS0tLS1CRUdJTiBDRVJUSUZJQ0FURS0tLS0tCk1JSUN5RENDQWJDZ0F3SUJBZ0lCQURBTkJna3Foa2lHOXcwQkFRc0ZBREFWTVJNd0VRWURWUVFERXdwcmRXSmwKY201bGRHVnpNQjRYRFRJeE1ESXdNekUxTURRMU5sb1hEVE14TURJd01URTFNRFExTmxvd0ZURVRNQkVHQTFVRQpBeE1LYTNWaVpYSnVaWFJsY3pDQ0FTSXdEUVlKS29aSWh2Y05BUUVCQlFBRGdnRVBBRENDQVFvQ2dnRUJBS3EvCkNwdTNxYllSbkFWQnRsTTdJb09PRTRUYmVod2hSTjZnSUJOUmlWeXlQQnIxN2VEaU9tSlc3Zk9OMkZRTVJUZmQKSEJNeFpjUVlxSys1aFAzYnhJSE90bDNKbFNyWm5Ua0x6QWljN1RZNm9TdjR6TTFrbDFnZG41d21sa2JZSUhtcwpqSW0za2lnZzlXUEZ5WVF4UTdlOFpsVlNleVZabFVsYUZnam1yRktIWGtrT3RmbFlJc0hGWnRvTjh5S2dsaWljCnFTQTUzekx5YVVvT25YNnRPandMdFI4WmhBOVovNUtOQk9FM1VGV3BTak5RVWpZZVpiNFNYbm14WHM4TVlpNmkKUGNSNXJDRHJlaDhTdFBBRUdUcmFFeExQUndsWXUrTm1yZnhmaXozTFVtZzdSSjFMSkowK0FUSUFrSWtENDZIYwpLZ1pmUGNlTDNPMjlTNGNvZ3kwQ0F3RUFBYU1qTUNFd0RnWURWUjBQQVFIL0JBUURBZ0trTUE4R0ExVWRFd0VCCi93UUZNQU1CQWY4d0RRWUpLb1pJaHZjTkFRRUxCUUFEZ2dFQkFKSjhScnFTek9PK1U3NmhGbmJNcXlLeXl6UjkKMjhOT2VaTVk5Z3NQZEM5VXRmZnFoL1dqR1NMbE9EYVovZ3pYWkx2a3BsbEZ5ei9KZVpoRkRjS0wvdnUxVUx1QgpVVHUzd3pWRFZUeTZ3dDR1dnNkVjNUZENNdTlYYmdVaHJCcEtxNW9QeU5LV1ROeUpBaEhUNEVZZTJXY3N0OWlsCld3V2VNQ1FJNENwODBJVDRFR1VKb0p0TWV1NTZ0WGwza1B1QnlxcERZM3hJRDI5bExKN3ZwKzV1Zlhkdm42bUEKRktGbEJyMEU1eCtYZ3gxUlcrRWlYSVVOQzhIWS9UNUpkT3BIQ2NhYkVEbm9MWWdKeHRjYzJrU3N4RS9JVWh6ZAppT3RUZk5SeGgrRG9hSm1IckN0VE04U3FjQWxNSGFrZHNvbmw0ZGdYcXVDU2ZtQUpnSnJkZDhLVllaMD0KLS0tLS1FTkQgQ0VSVElGSUNBVEUtLS0tLQo=\n  name: eks_microenterprise-dev\n\ncontexts:\n- context:\n    cluster: eks_microenterprise-dev\n    user: eks_microenterprise-dev\n  name: eks_microenterprise-dev\n\ncurrent-context: eks_microenterprise-dev\n\nusers:\n- name: eks_microenterprise-dev\n  user:\n    exec:\n      apiVersion: client.authentication.k8s.io/v1alpha1\n      command: aws-iam-authenticator\n      args:\n        - \"token\"\n        - \"-i\"\n        - \"microenterprise-dev\"\n",
            "content_base64": null,
            "directory_permission": "0755",
            "file_permission": "0644",
            "filename": "./kubeconfig_microenterprise-dev",
            "id": "6aa3be38782ccda8809386309aee83ea79eb0ea3",
            "sensitive_content": null,
            "source": null
          },
          "private": "bnVsbA==",
          "dependencies": [
            "module.eks_cluster_dev.data.aws_availability_zones.available",
            "module.eks_cluster_dev.module.eks.aws_cloudwatch_log_group.this",
            "module.eks_cluster_dev.module.eks.aws_eks_cluster.this",
            "module.eks_cluster_dev.module.eks.aws_iam_role.cluster",
            "module.eks_cluster_dev.module.eks.aws_iam_role_policy_attachment.cluster_AmazonEKSClusterPolicy",
            "module.eks_cluster_dev.module.eks.aws_iam_role_policy_attachment.cluster_AmazonEKSServicePolicy",
            "module.eks_cluster_dev.module.eks.aws_security_group.cluster",
            "module.eks_cluster_dev.module.eks.aws_security_group.workers",
            "module.eks_cluster_dev.module.eks.aws_security_group_rule.cluster_egress_internet",
            "module.eks_cluster_dev.module.eks.aws_security_group_rule.cluster_https_worker_ingress",
            "module.eks_cluster_dev.module.eks.data.aws_iam_policy_document.cluster_assume_role_policy",
            "module.eks_cluster_dev.module.eks.data.aws_iam_role.custom_cluster_iam_role",
            "module.eks_cluster_dev.module.eks.data.aws_partition.current",
            "module.eks_cluster_dev.module.vpc.aws_subnet.private",
            "module.eks_cluster_dev.module.vpc.aws_vpc.this",
            "module.eks_cluster_dev.module.vpc.aws_vpc_ipv4_cidr_block_association.this"
          ]
        }
      ]
    },
    {
      "module": "module.eks_cluster_dev.module.eks.module.node_groups",
      "mode": "managed",
      "type": "aws_eks_node_group",
      "name": "workers",
      "provider": "module.eks_cluster_dev.provider[\"registry.terraform.io/hashicorp/aws\"]",
      "instances": [
        {
          "index_key": "eks_nodes",
          "schema_version": 0,
          "attributes": {
            "ami_type": "AL2_x86_64",
            "arn": "arn:aws:eks:us-east-1:212285161954:nodegroup/microenterprise-dev/microenterprise-dev-eks_nodes-fluent-guinea/1abbb438-d19f-d04b-98a1-bb20baac5740",
            "capacity_type": "ON_DEMAND",
            "cluster_name": "microenterprise-dev",
            "disk_size": 20,
            "force_update_version": null,
            "id": "microenterprise-dev:microenterprise-dev-eks_nodes-fluent-guinea",
            "instance_types": [
              "t2.micro"
            ],
            "labels": null,
            "launch_template": [],
            "node_group_name": "microenterprise-dev-eks_nodes-fluent-guinea",
            "node_role_arn": "arn:aws:iam::212285161954:role/microenterprise-dev20210203151010312300000008",
            "release_version": "1.18.9-20210125",
            "remote_access": [],
            "resources": [
              {
                "autoscaling_groups": [
                  {
                    "name": "eks-1abbb438-d19f-d04b-98a1-bb20baac5740"
                  }
                ],
                "remote_access_security_group_id": ""
              }
            ],
            "scaling_config": [
              {
                "desired_size": 3,
                "max_size": 3,
                "min_size": 1
              }
            ],
            "status": "ACTIVE",
            "subnet_ids": [
              "subnet-0404dd528c603f3d9",
              "subnet-07ef4d75951d67eff",
              "subnet-0c210a6b3960d01cc"
            ],
            "tags": null,
            "timeouts": null,
            "version": "1.18"
          },
          "private": "eyJlMmJmYjczMC1lY2FhLTExZTYtOGY4OC0zNDM2M2JjN2M0YzAiOnsiY3JlYXRlIjozNjAwMDAwMDAwMDAwLCJkZWxldGUiOjM2MDAwMDAwMDAwMDAsInVwZGF0ZSI6MzYwMDAwMDAwMDAwMH19",
          "dependencies": [
            "module.eks_cluster_dev.data.aws_availability_zones.available",
            "module.eks_cluster_dev.module.eks.aws_cloudwatch_log_group.this",
            "module.eks_cluster_dev.module.eks.aws_eks_cluster.this",
            "module.eks_cluster_dev.module.eks.aws_iam_role.cluster",
            "module.eks_cluster_dev.module.eks.aws_iam_role.workers",
            "module.eks_cluster_dev.module.eks.aws_iam_role_policy_attachment.cluster_AmazonEKSClusterPolicy",
            "module.eks_cluster_dev.module.eks.aws_iam_role_policy_attachment.cluster_AmazonEKSServicePolicy",
            "module.eks_cluster_dev.module.eks.aws_iam_role_policy_attachment.workers_AmazonEC2ContainerRegistryReadOnly",
            "module.eks_cluster_dev.module.eks.aws_iam_role_policy_attachment.workers_AmazonEKSWorkerNodePolicy",
            "module.eks_cluster_dev.module.eks.aws_iam_role_policy_attachment.workers_AmazonEKS_CNI_Policy",
            "module.eks_cluster_dev.module.eks.aws_security_group.cluster",
            "module.eks_cluster_dev.module.eks.aws_security_group.workers",
            "module.eks_cluster_dev.module.eks.aws_security_group_rule.cluster_egress_internet",
            "module.eks_cluster_dev.module.eks.aws_security_group_rule.cluster_https_worker_ingress",
            "module.eks_cluster_dev.module.eks.data.aws_ami.eks_worker",
            "module.eks_cluster_dev.module.eks.data.aws_iam_policy_document.cluster_assume_role_policy",
            "module.eks_cluster_dev.module.eks.data.aws_iam_policy_document.workers_assume_role_policy",
            "module.eks_cluster_dev.module.eks.data.aws_iam_role.custom_cluster_iam_role",
            "module.eks_cluster_dev.module.eks.data.aws_partition.current",
            "module.eks_cluster_dev.module.eks.kubernetes_config_map.aws_auth",
            "module.eks_cluster_dev.module.eks.module.node_groups.random_pet.node_groups",
            "module.eks_cluster_dev.module.vpc.aws_subnet.private",
            "module.eks_cluster_dev.module.vpc.aws_vpc.this",
            "module.eks_cluster_dev.module.vpc.aws_vpc_ipv4_cidr_block_association.this"
          ],
          "create_before_destroy": true
        }
      ]
    },
    {
      "module": "module.eks_cluster_dev.module.eks.module.node_groups",
      "mode": "managed",
      "type": "random_pet",
      "name": "node_groups",
      "provider": "provider[\"registry.terraform.io/hashicorp/random\"]",
      "instances": [
        {
          "index_key": "eks_nodes",
          "schema_version": 0,
          "attributes": {
            "id": "fluent-guinea",
            "keepers": {
              "iam_role_arn": "arn:aws:iam::212285161954:role/microenterprise-dev20210203151010312300000008",
              "instance_type": "t2.micro",
              "key_name": "",
              "node_group_name": "microenterprise-dev-eks_nodes",
              "source_security_group_ids": "",
              "subnet_ids": "subnet-07ef4d75951d67eff|subnet-0404dd528c603f3d9|subnet-0c210a6b3960d01cc"
            },
            "length": 2,
            "prefix": null,
            "separator": "-"
          },
          "private": "bnVsbA==",
          "dependencies": [
            "module.eks_cluster_dev.data.aws_availability_zones.available",
            "module.eks_cluster_dev.module.eks.aws_cloudwatch_log_group.this",
            "module.eks_cluster_dev.module.eks.aws_eks_cluster.this",
            "module.eks_cluster_dev.module.eks.aws_iam_role.cluster",
            "module.eks_cluster_dev.module.eks.aws_iam_role.workers",
            "module.eks_cluster_dev.module.eks.aws_iam_role_policy_attachment.cluster_AmazonEKSClusterPolicy",
            "module.eks_cluster_dev.module.eks.aws_iam_role_policy_attachment.cluster_AmazonEKSServicePolicy",
            "module.eks_cluster_dev.module.eks.aws_iam_role_policy_attachment.workers_AmazonEC2ContainerRegistryReadOnly",
            "module.eks_cluster_dev.module.eks.aws_iam_role_policy_attachment.workers_AmazonEKSWorkerNodePolicy",
            "module.eks_cluster_dev.module.eks.aws_iam_role_policy_attachment.workers_AmazonEKS_CNI_Policy",
            "module.eks_cluster_dev.module.eks.aws_security_group.cluster",
            "module.eks_cluster_dev.module.eks.aws_security_group.workers",
            "module.eks_cluster_dev.module.eks.aws_security_group_rule.cluster_egress_internet",
            "module.eks_cluster_dev.module.eks.aws_security_group_rule.cluster_https_worker_ingress",
            "module.eks_cluster_dev.module.eks.data.aws_ami.eks_worker",
            "module.eks_cluster_dev.module.eks.data.aws_iam_policy_document.cluster_assume_role_policy",
            "module.eks_cluster_dev.module.eks.data.aws_iam_policy_document.workers_assume_role_policy",
            "module.eks_cluster_dev.module.eks.data.aws_iam_role.custom_cluster_iam_role",
            "module.eks_cluster_dev.module.eks.data.aws_partition.current",
            "module.eks_cluster_dev.module.eks.kubernetes_config_map.aws_auth",
            "module.eks_cluster_dev.module.vpc.aws_subnet.private",
            "module.eks_cluster_dev.module.vpc.aws_vpc.this",
            "module.eks_cluster_dev.module.vpc.aws_vpc_ipv4_cidr_block_association.this"
          ],
          "create_before_destroy": true
        }
      ]
    },
    {
      "module": "module.eks_cluster_dev.module.vpc",
      "mode": "managed",
      "type": "aws_eip",
      "name": "nat",
      "provider": "module.eks_cluster_dev.provider[\"registry.terraform.io/hashicorp/aws\"]",
      "instances": [
        {
          "index_key": 0,
          "schema_version": 0,
          "attributes": {
            "allocation_id": null,
            "associate_with_private_ip": null,
            "association_id": "",
            "carrier_ip": "",
            "customer_owned_ip": "",
            "customer_owned_ipv4_pool": "",
            "domain": "vpc",
            "id": "eipalloc-0f0f08728fa3b87e1",
            "instance": "",
            "network_border_group": "us-east-1",
            "network_interface": "",
            "private_dns": null,
            "private_ip": "",
            "public_dns": "ec2-54-226-218-170.compute-1.amazonaws.com",
            "public_ip": "54.226.218.170",
            "public_ipv4_pool": "amazon",
            "tags": {
              "Name": "microenterprise-dev-vpc-us-east-1a"
            },
            "timeouts": null,
            "vpc": true
          },
          "private": "eyJlMmJmYjczMC1lY2FhLTExZTYtOGY4OC0zNDM2M2JjN2M0YzAiOnsiZGVsZXRlIjoxODAwMDAwMDAwMDAsInJlYWQiOjkwMDAwMDAwMDAwMCwidXBkYXRlIjozMDAwMDAwMDAwMDB9fQ==",
          "dependencies": [
            "module.eks_cluster_dev.data.aws_availability_zones.available"
          ]
        }
      ]
    },
    {
      "module": "module.eks_cluster_dev.module.vpc",
      "mode": "managed",
      "type": "aws_internet_gateway",
      "name": "this",
      "provider": "module.eks_cluster_dev.provider[\"registry.terraform.io/hashicorp/aws\"]",
      "instances": [
        {
          "index_key": 0,
          "schema_version": 0,
          "attributes": {
            "arn": "arn:aws:ec2:us-east-1:212285161954:internet-gateway/igw-0e39eebb788190706",
            "id": "igw-0e39eebb788190706",
            "owner_id": "212285161954",
            "tags": {
              "Name": "microenterprise-dev-vpc"
            },
            "vpc_id": "vpc-040dd0c8b81ccbf1f"
          },
          "private": "bnVsbA==",
          "dependencies": [
            "module.eks_cluster_dev.module.vpc.aws_vpc.this",
            "module.eks_cluster_dev.module.vpc.aws_vpc_ipv4_cidr_block_association.this"
          ]
        }
      ]
    },
    {
      "module": "module.eks_cluster_dev.module.vpc",
      "mode": "managed",
      "type": "aws_nat_gateway",
      "name": "this",
      "provider": "module.eks_cluster_dev.provider[\"registry.terraform.io/hashicorp/aws\"]",
      "instances": [
        {
          "index_key": 0,
          "schema_version": 0,
          "attributes": {
            "allocation_id": "eipalloc-0f0f08728fa3b87e1",
            "id": "nat-062b31b9e19b0511f",
            "network_interface_id": "eni-0fbee5664f8306d19",
            "private_ip": "172.16.4.76",
            "public_ip": "54.226.218.170",
            "subnet_id": "subnet-0db956600e479fcb4",
            "tags": {
              "Name": "microenterprise-dev-vpc-us-east-1a"
            }
          },
          "private": "bnVsbA==",
          "dependencies": [
            "module.eks_cluster_dev.data.aws_availability_zones.available",
            "module.eks_cluster_dev.module.vpc.aws_eip.nat",
            "module.eks_cluster_dev.module.vpc.aws_internet_gateway.this",
            "module.eks_cluster_dev.module.vpc.aws_subnet.public",
            "module.eks_cluster_dev.module.vpc.aws_vpc.this",
            "module.eks_cluster_dev.module.vpc.aws_vpc_ipv4_cidr_block_association.this"
          ]
        }
      ]
    },
    {
      "module": "module.eks_cluster_dev.module.vpc",
      "mode": "managed",
      "type": "aws_route",
      "name": "private_nat_gateway",
      "provider": "module.eks_cluster_dev.provider[\"registry.terraform.io/hashicorp/aws\"]",
      "instances": [
        {
          "index_key": 0,
          "schema_version": 0,
          "attributes": {
            "destination_cidr_block": "0.0.0.0/0",
            "destination_ipv6_cidr_block": "",
            "destination_prefix_list_id": "",
            "egress_only_gateway_id": "",
            "gateway_id": "",
            "id": "r-rtb-050d7b5de9dc4ad8c1080289494",
            "instance_id": "",
            "instance_owner_id": "",
            "local_gateway_id": "",
            "nat_gateway_id": "nat-062b31b9e19b0511f",
            "network_interface_id": "",
            "origin": "CreateRoute",
            "route_table_id": "rtb-050d7b5de9dc4ad8c",
            "state": "active",
            "timeouts": {
              "create": "5m",
              "delete": null
            },
            "transit_gateway_id": "",
            "vpc_endpoint_id": null,
            "vpc_peering_connection_id": ""
          },
          "private": "eyJlMmJmYjczMC1lY2FhLTExZTYtOGY4OC0zNDM2M2JjN2M0YzAiOnsiY3JlYXRlIjozMDAwMDAwMDAwMDAsImRlbGV0ZSI6MzAwMDAwMDAwMDAwfX0=",
          "dependencies": [
            "module.eks_cluster_dev.data.aws_availability_zones.available",
            "module.eks_cluster_dev.module.vpc.aws_eip.nat",
            "module.eks_cluster_dev.module.vpc.aws_internet_gateway.this",
            "module.eks_cluster_dev.module.vpc.aws_nat_gateway.this",
            "module.eks_cluster_dev.module.vpc.aws_route_table.private",
            "module.eks_cluster_dev.module.vpc.aws_subnet.public",
            "module.eks_cluster_dev.module.vpc.aws_vpc.this",
            "module.eks_cluster_dev.module.vpc.aws_vpc_ipv4_cidr_block_association.this"
          ]
        }
      ]
    },
    {
      "module": "module.eks_cluster_dev.module.vpc",
      "mode": "managed",
      "type": "aws_route",
      "name": "public_internet_gateway",
      "provider": "module.eks_cluster_dev.provider[\"registry.terraform.io/hashicorp/aws\"]",
      "instances": [
        {
          "index_key": 0,
          "schema_version": 0,
          "attributes": {
            "destination_cidr_block": "0.0.0.0/0",
            "destination_ipv6_cidr_block": "",
            "destination_prefix_list_id": "",
            "egress_only_gateway_id": "",
            "gateway_id": "igw-0e39eebb788190706",
            "id": "r-rtb-0ce6f6e687e91b3d91080289494",
            "instance_id": "",
            "instance_owner_id": "",
            "local_gateway_id": "",
            "nat_gateway_id": "",
            "network_interface_id": "",
            "origin": "CreateRoute",
            "route_table_id": "rtb-0ce6f6e687e91b3d9",
            "state": "active",
            "timeouts": {
              "create": "5m",
              "delete": null
            },
            "transit_gateway_id": "",
            "vpc_endpoint_id": null,
            "vpc_peering_connection_id": ""
          },
          "private": "eyJlMmJmYjczMC1lY2FhLTExZTYtOGY4OC0zNDM2M2JjN2M0YzAiOnsiY3JlYXRlIjozMDAwMDAwMDAwMDAsImRlbGV0ZSI6MzAwMDAwMDAwMDAwfX0=",
          "dependencies": [
            "module.eks_cluster_dev.module.vpc.aws_internet_gateway.this",
            "module.eks_cluster_dev.module.vpc.aws_route_table.public",
            "module.eks_cluster_dev.module.vpc.aws_vpc.this",
            "module.eks_cluster_dev.module.vpc.aws_vpc_ipv4_cidr_block_association.this"
          ]
        }
      ]
    },
    {
      "module": "module.eks_cluster_dev.module.vpc",
      "mode": "managed",
      "type": "aws_route_table",
      "name": "private",
      "provider": "module.eks_cluster_dev.provider[\"registry.terraform.io/hashicorp/aws\"]",
      "instances": [
        {
          "index_key": 0,
          "schema_version": 0,
          "attributes": {
            "id": "rtb-050d7b5de9dc4ad8c",
            "owner_id": "212285161954",
            "propagating_vgws": [],
            "route": [],
            "tags": {
              "Name": "microenterprise-dev-vpc-private"
            },
            "vpc_id": "vpc-040dd0c8b81ccbf1f"
          },
          "private": "bnVsbA==",
          "dependencies": [
            "module.eks_cluster_dev.data.aws_availability_zones.available",
            "module.eks_cluster_dev.module.vpc.aws_vpc.this",
            "module.eks_cluster_dev.module.vpc.aws_vpc_ipv4_cidr_block_association.this"
          ]
        }
      ]
    },
    {
      "module": "module.eks_cluster_dev.module.vpc",
      "mode": "managed",
      "type": "aws_route_table",
      "name": "public",
      "provider": "module.eks_cluster_dev.provider[\"registry.terraform.io/hashicorp/aws\"]",
      "instances": [
        {
          "index_key": 0,
          "schema_version": 0,
          "attributes": {
            "id": "rtb-0ce6f6e687e91b3d9",
            "owner_id": "212285161954",
            "propagating_vgws": [],
            "route": [],
            "tags": {
              "Name": "microenterprise-dev-vpc-public"
            },
            "vpc_id": "vpc-040dd0c8b81ccbf1f"
          },
          "private": "bnVsbA==",
          "dependencies": [
            "module.eks_cluster_dev.module.vpc.aws_vpc.this",
            "module.eks_cluster_dev.module.vpc.aws_vpc_ipv4_cidr_block_association.this"
          ]
        }
      ]
    },
    {
      "module": "module.eks_cluster_dev.module.vpc",
      "mode": "managed",
      "type": "aws_route_table_association",
      "name": "private",
      "provider": "module.eks_cluster_dev.provider[\"registry.terraform.io/hashicorp/aws\"]",
      "instances": [
        {
          "index_key": 0,
          "schema_version": 0,
          "attributes": {
            "gateway_id": null,
            "id": "rtbassoc-070dfbbdfcef261ea",
            "route_table_id": "rtb-050d7b5de9dc4ad8c",
            "subnet_id": "subnet-07ef4d75951d67eff"
          },
          "private": "bnVsbA==",
          "dependencies": [
            "module.eks_cluster_dev.data.aws_availability_zones.available",
            "module.eks_cluster_dev.module.vpc.aws_route_table.private",
            "module.eks_cluster_dev.module.vpc.aws_subnet.private",
            "module.eks_cluster_dev.module.vpc.aws_vpc.this",
            "module.eks_cluster_dev.module.vpc.aws_vpc_ipv4_cidr_block_association.this"
          ]
        },
        {
          "index_key": 1,
          "schema_version": 0,
          "attributes": {
            "gateway_id": null,
            "id": "rtbassoc-0f8c130c45d94141a",
            "route_table_id": "rtb-050d7b5de9dc4ad8c",
            "subnet_id": "subnet-0404dd528c603f3d9"
          },
          "private": "bnVsbA==",
          "dependencies": [
            "module.eks_cluster_dev.data.aws_availability_zones.available",
            "module.eks_cluster_dev.module.vpc.aws_route_table.private",
            "module.eks_cluster_dev.module.vpc.aws_subnet.private",
            "module.eks_cluster_dev.module.vpc.aws_vpc.this",
            "module.eks_cluster_dev.module.vpc.aws_vpc_ipv4_cidr_block_association.this"
          ]
        },
        {
          "index_key": 2,
          "schema_version": 0,
          "attributes": {
            "gateway_id": null,
            "id": "rtbassoc-0da2c4168ef2ad3bd",
            "route_table_id": "rtb-050d7b5de9dc4ad8c",
            "subnet_id": "subnet-0c210a6b3960d01cc"
          },
          "private": "bnVsbA==",
          "dependencies": [
            "module.eks_cluster_dev.data.aws_availability_zones.available",
            "module.eks_cluster_dev.module.vpc.aws_route_table.private",
            "module.eks_cluster_dev.module.vpc.aws_subnet.private",
            "module.eks_cluster_dev.module.vpc.aws_vpc.this",
            "module.eks_cluster_dev.module.vpc.aws_vpc_ipv4_cidr_block_association.this"
          ]
        }
      ]
    },
    {
      "module": "module.eks_cluster_dev.module.vpc",
      "mode": "managed",
      "type": "aws_route_table_association",
      "name": "public",
      "provider": "module.eks_cluster_dev.provider[\"registry.terraform.io/hashicorp/aws\"]",
      "instances": [
        {
          "index_key": 0,
          "schema_version": 0,
          "attributes": {
            "gateway_id": null,
            "id": "rtbassoc-072150e70eebdbca0",
            "route_table_id": "rtb-0ce6f6e687e91b3d9",
            "subnet_id": "subnet-0db956600e479fcb4"
          },
          "private": "bnVsbA==",
          "dependencies": [
            "module.eks_cluster_dev.data.aws_availability_zones.available",
            "module.eks_cluster_dev.module.vpc.aws_route_table.public",
            "module.eks_cluster_dev.module.vpc.aws_subnet.public",
            "module.eks_cluster_dev.module.vpc.aws_vpc.this",
            "module.eks_cluster_dev.module.vpc.aws_vpc_ipv4_cidr_block_association.this"
          ]
        },
        {
          "index_key": 1,
          "schema_version": 0,
          "attributes": {
            "gateway_id": null,
            "id": "rtbassoc-0f3f5a1bda69cb74e",
            "route_table_id": "rtb-0ce6f6e687e91b3d9",
            "subnet_id": "subnet-066f96e18ff041e8b"
          },
          "private": "bnVsbA==",
          "dependencies": [
            "module.eks_cluster_dev.data.aws_availability_zones.available",
            "module.eks_cluster_dev.module.vpc.aws_route_table.public",
            "module.eks_cluster_dev.module.vpc.aws_subnet.public",
            "module.eks_cluster_dev.module.vpc.aws_vpc.this",
            "module.eks_cluster_dev.module.vpc.aws_vpc_ipv4_cidr_block_association.this"
          ]
        },
        {
          "index_key": 2,
          "schema_version": 0,
          "attributes": {
            "gateway_id": null,
            "id": "rtbassoc-07d2b6fb477428789",
            "route_table_id": "rtb-0ce6f6e687e91b3d9",
            "subnet_id": "subnet-0fba3a6ffbfba5b28"
          },
          "private": "bnVsbA==",
          "dependencies": [
            "module.eks_cluster_dev.data.aws_availability_zones.available",
            "module.eks_cluster_dev.module.vpc.aws_route_table.public",
            "module.eks_cluster_dev.module.vpc.aws_subnet.public",
            "module.eks_cluster_dev.module.vpc.aws_vpc.this",
            "module.eks_cluster_dev.module.vpc.aws_vpc_ipv4_cidr_block_association.this"
          ]
        }
      ]
    },
    {
      "module": "module.eks_cluster_dev.module.vpc",
      "mode": "managed",
      "type": "aws_subnet",
      "name": "private",
      "provider": "module.eks_cluster_dev.provider[\"registry.terraform.io/hashicorp/aws\"]",
      "instances": [
        {
          "index_key": 0,
          "schema_version": 1,
          "attributes": {
            "arn": "arn:aws:ec2:us-east-1:212285161954:subnet/subnet-07ef4d75951d67eff",
            "assign_ipv6_address_on_creation": false,
            "availability_zone": "us-east-1a",
            "availability_zone_id": "use1-az4",
            "cidr_block": "172.16.1.0/24",
            "id": "subnet-07ef4d75951d67eff",
            "ipv6_cidr_block": "",
            "ipv6_cidr_block_association_id": "",
            "map_public_ip_on_launch": false,
            "outpost_arn": "",
            "owner_id": "212285161954",
            "tags": {
              "Name": "microenterprise-dev-vpc-private-us-east-1a",
              "kubernetes.io/cluster/microenterprise-dev": "shared",
              "kubernetes.io/role/internal-elb": "1"
            },
            "timeouts": null,
            "vpc_id": "vpc-040dd0c8b81ccbf1f"
          },
          "private": "eyJlMmJmYjczMC1lY2FhLTExZTYtOGY4OC0zNDM2M2JjN2M0YzAiOnsiY3JlYXRlIjo2MDAwMDAwMDAwMDAsImRlbGV0ZSI6MTIwMDAwMDAwMDAwMH0sInNjaGVtYV92ZXJzaW9uIjoiMSJ9",
          "dependencies": [
            "module.eks_cluster_dev.data.aws_availability_zones.available",
            "module.eks_cluster_dev.module.vpc.aws_vpc.this",
            "module.eks_cluster_dev.module.vpc.aws_vpc_ipv4_cidr_block_association.this"
          ],
          "create_before_destroy": true
        },
        {
          "index_key": 1,
          "schema_version": 1,
          "attributes": {
            "arn": "arn:aws:ec2:us-east-1:212285161954:subnet/subnet-0404dd528c603f3d9",
            "assign_ipv6_address_on_creation": false,
            "availability_zone": "us-east-1b",
            "availability_zone_id": "use1-az6",
            "cidr_block": "172.16.2.0/24",
            "id": "subnet-0404dd528c603f3d9",
            "ipv6_cidr_block": "",
            "ipv6_cidr_block_association_id": "",
            "map_public_ip_on_launch": false,
            "outpost_arn": "",
            "owner_id": "212285161954",
            "tags": {
              "Name": "microenterprise-dev-vpc-private-us-east-1b",
              "kubernetes.io/cluster/microenterprise-dev": "shared",
              "kubernetes.io/role/internal-elb": "1"
            },
            "timeouts": null,
            "vpc_id": "vpc-040dd0c8b81ccbf1f"
          },
          "private": "eyJlMmJmYjczMC1lY2FhLTExZTYtOGY4OC0zNDM2M2JjN2M0YzAiOnsiY3JlYXRlIjo2MDAwMDAwMDAwMDAsImRlbGV0ZSI6MTIwMDAwMDAwMDAwMH0sInNjaGVtYV92ZXJzaW9uIjoiMSJ9",
          "dependencies": [
            "module.eks_cluster_dev.data.aws_availability_zones.available",
            "module.eks_cluster_dev.module.vpc.aws_vpc.this",
            "module.eks_cluster_dev.module.vpc.aws_vpc_ipv4_cidr_block_association.this"
          ],
          "create_before_destroy": true
        },
        {
          "index_key": 2,
          "schema_version": 1,
          "attributes": {
            "arn": "arn:aws:ec2:us-east-1:212285161954:subnet/subnet-0c210a6b3960d01cc",
            "assign_ipv6_address_on_creation": false,
            "availability_zone": "us-east-1c",
            "availability_zone_id": "use1-az1",
            "cidr_block": "172.16.3.0/24",
            "id": "subnet-0c210a6b3960d01cc",
            "ipv6_cidr_block": "",
            "ipv6_cidr_block_association_id": "",
            "map_public_ip_on_launch": false,
            "outpost_arn": "",
            "owner_id": "212285161954",
            "tags": {
              "Name": "microenterprise-dev-vpc-private-us-east-1c",
              "kubernetes.io/cluster/microenterprise-dev": "shared",
              "kubernetes.io/role/internal-elb": "1"
            },
            "timeouts": null,
            "vpc_id": "vpc-040dd0c8b81ccbf1f"
          },
          "private": "eyJlMmJmYjczMC1lY2FhLTExZTYtOGY4OC0zNDM2M2JjN2M0YzAiOnsiY3JlYXRlIjo2MDAwMDAwMDAwMDAsImRlbGV0ZSI6MTIwMDAwMDAwMDAwMH0sInNjaGVtYV92ZXJzaW9uIjoiMSJ9",
          "dependencies": [
            "module.eks_cluster_dev.data.aws_availability_zones.available",
            "module.eks_cluster_dev.module.vpc.aws_vpc.this",
            "module.eks_cluster_dev.module.vpc.aws_vpc_ipv4_cidr_block_association.this"
          ],
          "create_before_destroy": true
        }
      ]
    },
    {
      "module": "module.eks_cluster_dev.module.vpc",
      "mode": "managed",
      "type": "aws_subnet",
      "name": "public",
      "provider": "module.eks_cluster_dev.provider[\"registry.terraform.io/hashicorp/aws\"]",
      "instances": [
        {
          "index_key": 0,
          "schema_version": 1,
          "attributes": {
            "arn": "arn:aws:ec2:us-east-1:212285161954:subnet/subnet-0db956600e479fcb4",
            "assign_ipv6_address_on_creation": false,
            "availability_zone": "us-east-1a",
            "availability_zone_id": "use1-az4",
            "cidr_block": "172.16.4.0/24",
            "id": "subnet-0db956600e479fcb4",
            "ipv6_cidr_block": "",
            "ipv6_cidr_block_association_id": "",
            "map_public_ip_on_launch": true,
            "outpost_arn": "",
            "owner_id": "212285161954",
            "tags": {
              "Name": "microenterprise-dev-vpc-public-us-east-1a",
              "kubernetes.io/cluster/microenterprise-dev": "shared",
              "kubernetes.io/role/elb": "1"
            },
            "timeouts": null,
            "vpc_id": "vpc-040dd0c8b81ccbf1f"
          },
          "private": "eyJlMmJmYjczMC1lY2FhLTExZTYtOGY4OC0zNDM2M2JjN2M0YzAiOnsiY3JlYXRlIjo2MDAwMDAwMDAwMDAsImRlbGV0ZSI6MTIwMDAwMDAwMDAwMH0sInNjaGVtYV92ZXJzaW9uIjoiMSJ9",
          "dependencies": [
            "module.eks_cluster_dev.data.aws_availability_zones.available",
            "module.eks_cluster_dev.module.vpc.aws_vpc.this",
            "module.eks_cluster_dev.module.vpc.aws_vpc_ipv4_cidr_block_association.this"
          ]
        },
        {
          "index_key": 1,
          "schema_version": 1,
          "attributes": {
            "arn": "arn:aws:ec2:us-east-1:212285161954:subnet/subnet-066f96e18ff041e8b",
            "assign_ipv6_address_on_creation": false,
            "availability_zone": "us-east-1b",
            "availability_zone_id": "use1-az6",
            "cidr_block": "172.16.5.0/24",
            "id": "subnet-066f96e18ff041e8b",
            "ipv6_cidr_block": "",
            "ipv6_cidr_block_association_id": "",
            "map_public_ip_on_launch": true,
            "outpost_arn": "",
            "owner_id": "212285161954",
            "tags": {
              "Name": "microenterprise-dev-vpc-public-us-east-1b",
              "kubernetes.io/cluster/microenterprise-dev": "shared",
              "kubernetes.io/role/elb": "1"
            },
            "timeouts": null,
            "vpc_id": "vpc-040dd0c8b81ccbf1f"
          },
          "private": "eyJlMmJmYjczMC1lY2FhLTExZTYtOGY4OC0zNDM2M2JjN2M0YzAiOnsiY3JlYXRlIjo2MDAwMDAwMDAwMDAsImRlbGV0ZSI6MTIwMDAwMDAwMDAwMH0sInNjaGVtYV92ZXJzaW9uIjoiMSJ9",
          "dependencies": [
            "module.eks_cluster_dev.data.aws_availability_zones.available",
            "module.eks_cluster_dev.module.vpc.aws_vpc.this",
            "module.eks_cluster_dev.module.vpc.aws_vpc_ipv4_cidr_block_association.this"
          ]
        },
        {
          "index_key": 2,
          "schema_version": 1,
          "attributes": {
            "arn": "arn:aws:ec2:us-east-1:212285161954:subnet/subnet-0fba3a6ffbfba5b28",
            "assign_ipv6_address_on_creation": false,
            "availability_zone": "us-east-1c",
            "availability_zone_id": "use1-az1",
            "cidr_block": "172.16.6.0/24",
            "id": "subnet-0fba3a6ffbfba5b28",
            "ipv6_cidr_block": "",
            "ipv6_cidr_block_association_id": "",
            "map_public_ip_on_launch": true,
            "outpost_arn": "",
            "owner_id": "212285161954",
            "tags": {
              "Name": "microenterprise-dev-vpc-public-us-east-1c",
              "kubernetes.io/cluster/microenterprise-dev": "shared",
              "kubernetes.io/role/elb": "1"
            },
            "timeouts": null,
            "vpc_id": "vpc-040dd0c8b81ccbf1f"
          },
          "private": "eyJlMmJmYjczMC1lY2FhLTExZTYtOGY4OC0zNDM2M2JjN2M0YzAiOnsiY3JlYXRlIjo2MDAwMDAwMDAwMDAsImRlbGV0ZSI6MTIwMDAwMDAwMDAwMH0sInNjaGVtYV92ZXJzaW9uIjoiMSJ9",
          "dependencies": [
            "module.eks_cluster_dev.data.aws_availability_zones.available",
            "module.eks_cluster_dev.module.vpc.aws_vpc.this",
            "module.eks_cluster_dev.module.vpc.aws_vpc_ipv4_cidr_block_association.this"
          ]
        }
      ]
    },
    {
      "module": "module.eks_cluster_dev.module.vpc",
      "mode": "managed",
      "type": "aws_vpc",
      "name": "this",
      "provider": "module.eks_cluster_dev.provider[\"registry.terraform.io/hashicorp/aws\"]",
      "instances": [
        {
          "index_key": 0,
          "schema_version": 1,
          "attributes": {
            "arn": "arn:aws:ec2:us-east-1:212285161954:vpc/vpc-040dd0c8b81ccbf1f",
            "assign_generated_ipv6_cidr_block": false,
            "cidr_block": "172.16.0.0/16",
            "default_network_acl_id": "acl-0ac483cabc3fc40e0",
            "default_route_table_id": "rtb-0d721899351b41e6c",
            "default_security_group_id": "sg-029758f6670515ff0",
            "dhcp_options_id": "dopt-11a7446b",
            "enable_classiclink": false,
            "enable_classiclink_dns_support": false,
            "enable_dns_hostnames": true,
            "enable_dns_support": true,
            "id": "vpc-040dd0c8b81ccbf1f",
            "instance_tenancy": "default",
            "ipv6_association_id": "",
            "ipv6_cidr_block": "",
            "main_route_table_id": "rtb-0d721899351b41e6c",
            "owner_id": "212285161954",
            "tags": {
              "Name": "microenterprise-dev-vpc"
            }
          },
          "private": "eyJzY2hlbWFfdmVyc2lvbiI6IjEifQ==",
          "create_before_destroy": true
        }
      ]
    }
  ]
}
